// !$*UTF8*$!
{
	archiveVersion = 1;
	classes = {
	};
	objectVersion = 50;
	objects = {

/* Begin PBXBuildFile section */
		2F0BEF05255142190017103D /* AssesmentStep2VC.swift in Sources */ = {isa = PBXBuildFile; fileRef = 2F0BEF04255142190017103D /* AssesmentStep2VC.swift */; };
		2F0BEF0A255178540017103D /* AssesmentResultVC.swift in Sources */ = {isa = PBXBuildFile; fileRef = 2F0BEF09255178540017103D /* AssesmentResultVC.swift */; };
		2F57CE2225517BDC00EB914E /* AssesmentStep1VC.swift in Sources */ = {isa = PBXBuildFile; fileRef = 2F57CE2125517BDC00EB914E /* AssesmentStep1VC.swift */; };
		2F57CE312551A32000EB914E /* HomePlanVC.swift in Sources */ = {isa = PBXBuildFile; fileRef = 2F57CE302551A32000EB914E /* HomePlanVC.swift */; };
		2F57CE4E2551B57B00EB914E /* ActivePlanCell.swift in Sources */ = {isa = PBXBuildFile; fileRef = 2F57CE4C2551B57B00EB914E /* ActivePlanCell.swift */; };
		2F57CE4F2551B57B00EB914E /* ActivePlanCell.xib in Resources */ = {isa = PBXBuildFile; fileRef = 2F57CE4D2551B57B00EB914E /* ActivePlanCell.xib */; };
		2F9C0F14255626D900D87F01 /* ShowPlanVC.swift in Sources */ = {isa = PBXBuildFile; fileRef = 2F9C0F13255626D900D87F01 /* ShowPlanVC.swift */; };
		2F9C0F2D2558621F00D87F01 /* ListPlanVC.swift in Sources */ = {isa = PBXBuildFile; fileRef = 2F9C0F2C2558621F00D87F01 /* ListPlanVC.swift */; };
		2F9C0F36255864E300D87F01 /* ListExerciseCell.swift in Sources */ = {isa = PBXBuildFile; fileRef = 2F9C0F34255864E300D87F01 /* ListExerciseCell.swift */; };
		2F9C0F37255864E300D87F01 /* ListExerciseCell.xib in Resources */ = {isa = PBXBuildFile; fileRef = 2F9C0F35255864E300D87F01 /* ListExerciseCell.xib */; };
		2FC916FF2558E1E60047F26E /* NumberExercisesCell.swift in Sources */ = {isa = PBXBuildFile; fileRef = 2FC916FD2558E1E60047F26E /* NumberExercisesCell.swift */; };
		2FC917002558E1E60047F26E /* NumberExercisesCell.xib in Resources */ = {isa = PBXBuildFile; fileRef = 2FC916FE2558E1E60047F26E /* NumberExercisesCell.xib */; };
		2FCBFC4D2559798D000F163E /* ButtonExerciseCell.swift in Sources */ = {isa = PBXBuildFile; fileRef = 2FCBFC4B2559798D000F163E /* ButtonExerciseCell.swift */; };
		2FCBFC4E2559798D000F163E /* ButtonExerciseCell.xib in Resources */ = {isa = PBXBuildFile; fileRef = 2FCBFC4C2559798D000F163E /* ButtonExerciseCell.xib */; };
		2FF2277D2554CA9300D494C4 /* HomeProfileViewController.swift in Sources */ = {isa = PBXBuildFile; fileRef = 8D148C8C254140CF00571419 /* HomeProfileViewController.swift */; };
		2FF227822554CABC00D494C4 /* NotificationHelper.swift in Sources */ = {isa = PBXBuildFile; fileRef = 2FF227812554CABC00D494C4 /* NotificationHelper.swift */; };
		487B519725548C0700091ABB /* SummaryTableViewCell.swift in Sources */ = {isa = PBXBuildFile; fileRef = 487B519625548C0700091ABB /* SummaryTableViewCell.swift */; };
		487E1F62254F467500F58265 /* ReviewService.swift in Sources */ = {isa = PBXBuildFile; fileRef = 487E1F61254F467500F58265 /* ReviewService.swift */; };
		487E1F6F254F52D200F58265 /* ExerciseSummaryViewController.swift in Sources */ = {isa = PBXBuildFile; fileRef = 487E1F6E254F52D200F58265 /* ExerciseSummaryViewController.swift */; };
		487E1F7C254F553100F58265 /* ExerciseSummaryView.swift in Sources */ = {isa = PBXBuildFile; fileRef = 487E1F7B254F553100F58265 /* ExerciseSummaryView.swift */; };
		489A2B3425521F1A00713AD4 /* BadgeView.swift in Sources */ = {isa = PBXBuildFile; fileRef = 489A2B3325521F1A00713AD4 /* BadgeView.swift */; };
		489A2B392552230900713AD4 /* BadgeViewController.swift in Sources */ = {isa = PBXBuildFile; fileRef = 489A2B382552230900713AD4 /* BadgeViewController.swift */; };
		489A2B3E2552249200713AD4 /* ExitViewController.swift in Sources */ = {isa = PBXBuildFile; fileRef = 489A2B3D2552249200713AD4 /* ExitViewController.swift */; };
		489A2B4B2552250000713AD4 /* ExitView.swift in Sources */ = {isa = PBXBuildFile; fileRef = 489A2B4A2552250000713AD4 /* ExitView.swift */; };
		489A2B582552540400713AD4 /* ExerciseModel.swift in Sources */ = {isa = PBXBuildFile; fileRef = 489A2B572552540400713AD4 /* ExerciseModel.swift */; };
		48A12B99254BC45E00A02F60 /* InformationExercisionView.swift in Sources */ = {isa = PBXBuildFile; fileRef = 48A12B98254BC45E00A02F60 /* InformationExercisionView.swift */; };
		48D518E92550FAE800EDD838 /* .gitignore in Resources */ = {isa = PBXBuildFile; fileRef = 48D518E82550FAE800EDD838 /* .gitignore */; };
		48E2D9962551D21600F2EF03 /* PlanModel.swift in Sources */ = {isa = PBXBuildFile; fileRef = 48E2D9952551D21600F2EF03 /* PlanModel.swift */; };
		48E854FA254C2DD3002DAC0B /* InformationExerciseController.swift in Sources */ = {isa = PBXBuildFile; fileRef = 48E854F9254C2DD3002DAC0B /* InformationExerciseController.swift */; };
		48E8EFAB2542754400783427 /* ExerciseViewController.swift in Sources */ = {isa = PBXBuildFile; fileRef = 48E8EFAA2542754400783427 /* ExerciseViewController.swift */; };
		48E8EFCF254277D800783427 /* ExerciseView.swift in Sources */ = {isa = PBXBuildFile; fileRef = 48E8EFCE254277D800783427 /* ExerciseView.swift */; };
		48F4E797254C4B7F0051EED1 /* CircularProgressView.swift in Sources */ = {isa = PBXBuildFile; fileRef = 48F4E796254C4B7F0051EED1 /* CircularProgressView.swift */; };
		8D09966F2542E977000363BE /* ReminderTableViewCell.swift in Sources */ = {isa = PBXBuildFile; fileRef = 8D09966E2542E977000363BE /* ReminderTableViewCell.swift */; };
		8D0996712542EA80000363BE /* ReminderModel.swift in Sources */ = {isa = PBXBuildFile; fileRef = 8D0996702542EA80000363BE /* ReminderModel.swift */; };
		8D13C0B625402997002195C9 /* AppDelegate.swift in Sources */ = {isa = PBXBuildFile; fileRef = 8D13C0B525402997002195C9 /* AppDelegate.swift */; };
		8D13C0B825402997002195C9 /* SceneDelegate.swift in Sources */ = {isa = PBXBuildFile; fileRef = 8D13C0B725402997002195C9 /* SceneDelegate.swift */; };
		8D13C0BA25402997002195C9 /* ViewController.swift in Sources */ = {isa = PBXBuildFile; fileRef = 8D13C0B925402997002195C9 /* ViewController.swift */; };
		8D13C0BD25402997002195C9 /* Main.storyboard in Resources */ = {isa = PBXBuildFile; fileRef = 8D13C0BB25402997002195C9 /* Main.storyboard */; };
		8D13C0C025402997002195C9 /* PodiFit.xcdatamodeld in Sources */ = {isa = PBXBuildFile; fileRef = 8D13C0BE25402997002195C9 /* PodiFit.xcdatamodeld */; };
		8D13C0C225402998002195C9 /* Assets.xcassets in Resources */ = {isa = PBXBuildFile; fileRef = 8D13C0C125402998002195C9 /* Assets.xcassets */; };
		8D13C0C525402998002195C9 /* LaunchScreen.storyboard in Resources */ = {isa = PBXBuildFile; fileRef = 8D13C0C325402998002195C9 /* LaunchScreen.storyboard */; };
		8D13C0D025402999002195C9 /* PodiFitTests.swift in Sources */ = {isa = PBXBuildFile; fileRef = 8D13C0CF25402999002195C9 /* PodiFitTests.swift */; };
		8D13C0DB25402999002195C9 /* PodiFitUITests.swift in Sources */ = {isa = PBXBuildFile; fileRef = 8D13C0DA25402999002195C9 /* PodiFitUITests.swift */; };
		8D13C0EB25402AC4002195C9 /* Assesment.storyboard in Resources */ = {isa = PBXBuildFile; fileRef = 8D13C0EA25402AC4002195C9 /* Assesment.storyboard */; };
		8D13C0F325402C27002195C9 /* HomePlan.storyboard in Resources */ = {isa = PBXBuildFile; fileRef = 8D13C0F225402C27002195C9 /* HomePlan.storyboard */; };
		8D13C0F725402D84002195C9 /* Exercise.storyboard in Resources */ = {isa = PBXBuildFile; fileRef = 8D13C0F625402D84002195C9 /* Exercise.storyboard */; };
		8D13C0FA25402E81002195C9 /* Profile.storyboard in Resources */ = {isa = PBXBuildFile; fileRef = 8D13C0F925402E81002195C9 /* Profile.storyboard */; };
		8D13C0FF25402F2B002195C9 /* Survey.storyboard in Resources */ = {isa = PBXBuildFile; fileRef = 8D13C0FE25402F2B002195C9 /* Survey.storyboard */; };
		8D3D1E71254550D10070444C /* AddReminderViewController.swift in Sources */ = {isa = PBXBuildFile; fileRef = 8D3D1E70254550D10070444C /* AddReminderViewController.swift */; };
		8D4E5C71254FC0E2002D94C8 /* UserBasicDataHelper.swift in Sources */ = {isa = PBXBuildFile; fileRef = 8D4E5C70254FC0E2002D94C8 /* UserBasicDataHelper.swift */; };
		8D4E5C76254FCAB6002D94C8 /* UserDataModel.swift in Sources */ = {isa = PBXBuildFile; fileRef = 8D4E5C75254FCAB6002D94C8 /* UserDataModel.swift */; };
		8D73E2BA2547DDD2006338FF /* EditProfileViewController.swift in Sources */ = {isa = PBXBuildFile; fileRef = 8D73E2B92547DDD2006338FF /* EditProfileViewController.swift */; };
		8D7825D425579BFC00501AEA /* PlanDetailNoDataTableViewCell.swift in Sources */ = {isa = PBXBuildFile; fileRef = 8D7825D325579BFC00501AEA /* PlanDetailNoDataTableViewCell.swift */; };
		8D7825D925579ED700501AEA /* BadgesHelper.swift in Sources */ = {isa = PBXBuildFile; fileRef = 8D7825D825579ED700501AEA /* BadgesHelper.swift */; };
		8D8E6272254683BD005F445D /* DateExtension.swift in Sources */ = {isa = PBXBuildFile; fileRef = 8D8E6271254683BD005F445D /* DateExtension.swift */; };
		8DB64609254BA6F40072AC5C /* CompletedPlanDetailsViewController.swift in Sources */ = {isa = PBXBuildFile; fileRef = 8DB64608254BA6F40072AC5C /* CompletedPlanDetailsViewController.swift */; };
		8DB6461C254BAA6C0072AC5C /* CompletedPlanDetailTableViewCell.swift in Sources */ = {isa = PBXBuildFile; fileRef = 8DB6461B254BAA6C0072AC5C /* CompletedPlanDetailTableViewCell.swift */; };
		8DB64621254BABF80072AC5C /* CompletedPlanDetailModel.swift in Sources */ = {isa = PBXBuildFile; fileRef = 8DB64620254BABF80072AC5C /* CompletedPlanDetailModel.swift */; };
		8DBF07E5254E61E500AACB19 /* DetailBadgesViewController.swift in Sources */ = {isa = PBXBuildFile; fileRef = 8DBF07E4254E61E500AACB19 /* DetailBadgesViewController.swift */; };
		8DBF07F5254E64AA00AACB19 /* DetailBadgeTableViewCell.swift in Sources */ = {isa = PBXBuildFile; fileRef = 8DBF07F4254E64AA00AACB19 /* DetailBadgeTableViewCell.swift */; };
		8DBF07FA254E655100AACB19 /* DetailBadgesModel.swift in Sources */ = {isa = PBXBuildFile; fileRef = 8DBF07F9254E655100AACB19 /* DetailBadgesModel.swift */; };
		8DC063ED2542699B00D7F8AD /* CompletedPlanTableViewCell.swift in Sources */ = {isa = PBXBuildFile; fileRef = 8DC063EC2542699B00D7F8AD /* CompletedPlanTableViewCell.swift */; };
		8DC063EF25426CAC00D7F8AD /* CompletedPlanCollectionViewCell.swift in Sources */ = {isa = PBXBuildFile; fileRef = 8DC063EE25426CAC00D7F8AD /* CompletedPlanCollectionViewCell.swift */; };
		8DC063F12542711900D7F8AD /* CompletedPlanModel.swift in Sources */ = {isa = PBXBuildFile; fileRef = 8DC063F02542711900D7F8AD /* CompletedPlanModel.swift */; };
		8DC063F32542866800D7F8AD /* imagePersonTableViewCell.swift in Sources */ = {isa = PBXBuildFile; fileRef = 8DC063F22542866800D7F8AD /* imagePersonTableViewCell.swift */; };
		8DC063F5254286A200D7F8AD /* userDataTableViewCell.swift in Sources */ = {isa = PBXBuildFile; fileRef = 8DC063F4254286A200D7F8AD /* userDataTableViewCell.swift */; };
		8DC60F972552504E006A4047 /* NoDataTableViewCell.swift in Sources */ = {isa = PBXBuildFile; fileRef = 8DC60F962552504E006A4047 /* NoDataTableViewCell.swift */; };
		8DC71C4B254D078600AD6C2B /* Colors.swift in Sources */ = {isa = PBXBuildFile; fileRef = 8DC71C4A254D078600AD6C2B /* Colors.swift */; };
		8DC71C50254D0A0600AD6C2B /* BadgesTableViewCell.swift in Sources */ = {isa = PBXBuildFile; fileRef = 8DC71C4F254D0A0600AD6C2B /* BadgesTableViewCell.swift */; };
		8DC71C59254D0C2300AD6C2B /* BadgesCollectionViewCell.swift in Sources */ = {isa = PBXBuildFile; fileRef = 8DC71C58254D0C2300AD6C2B /* BadgesCollectionViewCell.swift */; };
		8DD69DFD2554E22A00E2DF21 /* PlanHelper.swift in Sources */ = {isa = PBXBuildFile; fileRef = 8DD69DFC2554E22A00E2DF21 /* PlanHelper.swift */; };
		8DD69E052554FD7600E2DF21 /* DifficultyHelper.swift in Sources */ = {isa = PBXBuildFile; fileRef = 8DD69E042554FD7600E2DF21 /* DifficultyHelper.swift */; };
		AB33864D25511EFD00CE24C7 /* TestEntity+CoreDataClass.swift in Sources */ = {isa = PBXBuildFile; fileRef = AB33864B25511EFD00CE24C7 /* TestEntity+CoreDataClass.swift */; };
		AB33864E25511EFD00CE24C7 /* TestEntity+CoreDataProperties.swift in Sources */ = {isa = PBXBuildFile; fileRef = AB33864C25511EFD00CE24C7 /* TestEntity+CoreDataProperties.swift */; };
		AB398FD9255538F4006C2B59 /* PlanOverviewViewController.swift in Sources */ = {isa = PBXBuildFile; fileRef = AB398FD8255538F4006C2B59 /* PlanOverviewViewController.swift */; };
		AB5F46302553CD97005DE0D0 /* Exercise+CoreDataClass.swift in Sources */ = {isa = PBXBuildFile; fileRef = AB5F46222553CD97005DE0D0 /* Exercise+CoreDataClass.swift */; };
		AB5F46312553CD97005DE0D0 /* Exercise+CoreDataProperties.swift in Sources */ = {isa = PBXBuildFile; fileRef = AB5F46232553CD97005DE0D0 /* Exercise+CoreDataProperties.swift */; };
		AB5F46322553CD97005DE0D0 /* Plan+CoreDataClass.swift in Sources */ = {isa = PBXBuildFile; fileRef = AB5F46242553CD97005DE0D0 /* Plan+CoreDataClass.swift */; };
		AB5F46332553CD97005DE0D0 /* Plan+CoreDataProperties.swift in Sources */ = {isa = PBXBuildFile; fileRef = AB5F46252553CD97005DE0D0 /* Plan+CoreDataProperties.swift */; };
		AB5F46342553CD97005DE0D0 /* ExerciseSteps+CoreDataClass.swift in Sources */ = {isa = PBXBuildFile; fileRef = AB5F46262553CD97005DE0D0 /* ExerciseSteps+CoreDataClass.swift */; };
		AB5F46352553CD97005DE0D0 /* ExerciseSteps+CoreDataProperties.swift in Sources */ = {isa = PBXBuildFile; fileRef = AB5F46272553CD97005DE0D0 /* ExerciseSteps+CoreDataProperties.swift */; };
		AB5F46362553CD97005DE0D0 /* Badges+CoreDataClass.swift in Sources */ = {isa = PBXBuildFile; fileRef = AB5F46282553CD97005DE0D0 /* Badges+CoreDataClass.swift */; };
		AB5F46372553CD97005DE0D0 /* Badges+CoreDataProperties.swift in Sources */ = {isa = PBXBuildFile; fileRef = AB5F46292553CD97005DE0D0 /* Badges+CoreDataProperties.swift */; };
		AB5F46382553CD97005DE0D0 /* Difficulty+CoreDataClass.swift in Sources */ = {isa = PBXBuildFile; fileRef = AB5F462A2553CD97005DE0D0 /* Difficulty+CoreDataClass.swift */; };
		AB5F46392553CD97005DE0D0 /* Difficulty+CoreDataProperties.swift in Sources */ = {isa = PBXBuildFile; fileRef = AB5F462B2553CD97005DE0D0 /* Difficulty+CoreDataProperties.swift */; };
		AB5F463A2553CD97005DE0D0 /* Reminder+CoreDataClass.swift in Sources */ = {isa = PBXBuildFile; fileRef = AB5F462C2553CD97005DE0D0 /* Reminder+CoreDataClass.swift */; };
		AB5F463B2553CD97005DE0D0 /* Reminder+CoreDataProperties.swift in Sources */ = {isa = PBXBuildFile; fileRef = AB5F462D2553CD97005DE0D0 /* Reminder+CoreDataProperties.swift */; };
		AB5F463C2553CD97005DE0D0 /* User+CoreDataClass.swift in Sources */ = {isa = PBXBuildFile; fileRef = AB5F462E2553CD97005DE0D0 /* User+CoreDataClass.swift */; };
		AB5F463D2553CD97005DE0D0 /* User+CoreDataProperties.swift in Sources */ = {isa = PBXBuildFile; fileRef = AB5F462F2553CD97005DE0D0 /* User+CoreDataProperties.swift */; };
		AB6E780725593ACD00262039 /* PlanInfoCell.swift in Sources */ = {isa = PBXBuildFile; fileRef = AB6E780525593ACD00262039 /* PlanInfoCell.swift */; };
		AB6E780825593ACD00262039 /* PlanInfoCell.xib in Resources */ = {isa = PBXBuildFile; fileRef = AB6E780625593ACD00262039 /* PlanInfoCell.xib */; };
		AB88B9532551486400AFF3BA /* ModalPlanViewController.swift in Sources */ = {isa = PBXBuildFile; fileRef = AB88B9522551486400AFF3BA /* ModalPlanViewController.swift */; };
		ABFB99FE254FFBD400B5E96A /* PlanListOverviewTableViewCell.swift in Sources */ = {isa = PBXBuildFile; fileRef = ABFB99FD254FFBD400B5E96A /* PlanListOverviewTableViewCell.swift */; };
		ABFB9A11254FFC1A00B5E96A /* ExerciseHeaderTableViewCell.xib in Resources */ = {isa = PBXBuildFile; fileRef = ABFB9A08254FFC1A00B5E96A /* ExerciseHeaderTableViewCell.xib */; };
		ABFB9A12254FFC1A00B5E96A /* ButtonTableViewCell.xib in Resources */ = {isa = PBXBuildFile; fileRef = ABFB9A09254FFC1A00B5E96A /* ButtonTableViewCell.xib */; };
		ABFB9A13254FFC1A00B5E96A /* DescTableViewCell.swift in Sources */ = {isa = PBXBuildFile; fileRef = ABFB9A0A254FFC1A00B5E96A /* DescTableViewCell.swift */; };
		ABFB9A14254FFC1A00B5E96A /* ExerciseTableViewCell.swift in Sources */ = {isa = PBXBuildFile; fileRef = ABFB9A0B254FFC1A00B5E96A /* ExerciseTableViewCell.swift */; };
		ABFB9A15254FFC1A00B5E96A /* DescTableViewCell.xib in Resources */ = {isa = PBXBuildFile; fileRef = ABFB9A0C254FFC1A00B5E96A /* DescTableViewCell.xib */; };
		ABFB9A16254FFC1A00B5E96A /* ExerciseHeaderTableViewCell.swift in Sources */ = {isa = PBXBuildFile; fileRef = ABFB9A0D254FFC1A00B5E96A /* ExerciseHeaderTableViewCell.swift */; };
		ABFB9A17254FFC1A00B5E96A /* ChoosePlanViewController.swift in Sources */ = {isa = PBXBuildFile; fileRef = ABFB9A0E254FFC1A00B5E96A /* ChoosePlanViewController.swift */; };
		ABFB9A18254FFC1A00B5E96A /* ButtonTableViewCell.swift in Sources */ = {isa = PBXBuildFile; fileRef = ABFB9A0F254FFC1A00B5E96A /* ButtonTableViewCell.swift */; };
		ABFB9A19254FFC1A00B5E96A /* ExerciseTableViewCell.xib in Resources */ = {isa = PBXBuildFile; fileRef = ABFB9A10254FFC1A00B5E96A /* ExerciseTableViewCell.xib */; };
		ABFB9A2C255000A700B5E96A /* ChoosePlan.storyboard in Resources */ = {isa = PBXBuildFile; fileRef = ABFB9A2B255000A700B5E96A /* ChoosePlan.storyboard */; };
		ABFB9A3C2550011A00B5E96A /* MovementCollectionViewCell.xib in Resources */ = {isa = PBXBuildFile; fileRef = ABFB9A352550011A00B5E96A /* MovementCollectionViewCell.xib */; };
		ABFB9A3D2550011A00B5E96A /* MovementCollectionViewCell.swift in Sources */ = {isa = PBXBuildFile; fileRef = ABFB9A362550011A00B5E96A /* MovementCollectionViewCell.swift */; };
		ABFB9A3E2550011A00B5E96A /* CustomizePlanTableViewController.swift in Sources */ = {isa = PBXBuildFile; fileRef = ABFB9A372550011A00B5E96A /* CustomizePlanTableViewController.swift */; };
		ABFB9A3F2550011A00B5E96A /* MovementCollectionModel.swift in Sources */ = {isa = PBXBuildFile; fileRef = ABFB9A382550011A00B5E96A /* MovementCollectionModel.swift */; };
		ABFB9A402550011A00B5E96A /* CustomizePlanTableViewCell.xib in Resources */ = {isa = PBXBuildFile; fileRef = ABFB9A3A2550011A00B5E96A /* CustomizePlanTableViewCell.xib */; };
		ABFB9A412550011A00B5E96A /* CustomizePlanTableViewCell.swift in Sources */ = {isa = PBXBuildFile; fileRef = ABFB9A3B2550011A00B5E96A /* CustomizePlanTableViewCell.swift */; };
/* End PBXBuildFile section */

/* Begin PBXContainerItemProxy section */
		8D13C0CC25402999002195C9 /* PBXContainerItemProxy */ = {
			isa = PBXContainerItemProxy;
			containerPortal = 8D13C0AA25402997002195C9 /* Project object */;
			proxyType = 1;
			remoteGlobalIDString = 8D13C0B125402997002195C9;
			remoteInfo = PodiFit;
		};
		8D13C0D725402999002195C9 /* PBXContainerItemProxy */ = {
			isa = PBXContainerItemProxy;
			containerPortal = 8D13C0AA25402997002195C9 /* Project object */;
			proxyType = 1;
			remoteGlobalIDString = 8D13C0B125402997002195C9;
			remoteInfo = PodiFit;
		};
/* End PBXContainerItemProxy section */

/* Begin PBXFileReference section */
		2F0BEF04255142190017103D /* AssesmentStep2VC.swift */ = {isa = PBXFileReference; lastKnownFileType = sourcecode.swift; path = AssesmentStep2VC.swift; sourceTree = "<group>"; };
		2F0BEF09255178540017103D /* AssesmentResultVC.swift */ = {isa = PBXFileReference; lastKnownFileType = sourcecode.swift; path = AssesmentResultVC.swift; sourceTree = "<group>"; };
		2F57CE2125517BDC00EB914E /* AssesmentStep1VC.swift */ = {isa = PBXFileReference; fileEncoding = 4; lastKnownFileType = sourcecode.swift; path = AssesmentStep1VC.swift; sourceTree = "<group>"; };
		2F57CE302551A32000EB914E /* HomePlanVC.swift */ = {isa = PBXFileReference; lastKnownFileType = sourcecode.swift; path = HomePlanVC.swift; sourceTree = "<group>"; };
		2F57CE4C2551B57B00EB914E /* ActivePlanCell.swift */ = {isa = PBXFileReference; lastKnownFileType = sourcecode.swift; path = ActivePlanCell.swift; sourceTree = "<group>"; };
		2F57CE4D2551B57B00EB914E /* ActivePlanCell.xib */ = {isa = PBXFileReference; lastKnownFileType = file.xib; path = ActivePlanCell.xib; sourceTree = "<group>"; };
		2F733406254FCA5C006E4775 /* HomePlanVC.swift */ = {isa = PBXFileReference; lastKnownFileType = sourcecode.swift; path = HomePlanVC.swift; sourceTree = "<group>"; };
		2F9C0F13255626D900D87F01 /* ShowPlanVC.swift */ = {isa = PBXFileReference; lastKnownFileType = sourcecode.swift; path = ShowPlanVC.swift; sourceTree = "<group>"; };
		2F9C0F2C2558621F00D87F01 /* ListPlanVC.swift */ = {isa = PBXFileReference; lastKnownFileType = sourcecode.swift; path = ListPlanVC.swift; sourceTree = "<group>"; };
		2F9C0F34255864E300D87F01 /* ListExerciseCell.swift */ = {isa = PBXFileReference; lastKnownFileType = sourcecode.swift; path = ListExerciseCell.swift; sourceTree = "<group>"; };
		2F9C0F35255864E300D87F01 /* ListExerciseCell.xib */ = {isa = PBXFileReference; lastKnownFileType = file.xib; path = ListExerciseCell.xib; sourceTree = "<group>"; };
		2FC916FD2558E1E60047F26E /* NumberExercisesCell.swift */ = {isa = PBXFileReference; lastKnownFileType = sourcecode.swift; path = NumberExercisesCell.swift; sourceTree = "<group>"; };
		2FC916FE2558E1E60047F26E /* NumberExercisesCell.xib */ = {isa = PBXFileReference; lastKnownFileType = file.xib; path = NumberExercisesCell.xib; sourceTree = "<group>"; };
		2FCBFC4B2559798D000F163E /* ButtonExerciseCell.swift */ = {isa = PBXFileReference; lastKnownFileType = sourcecode.swift; path = ButtonExerciseCell.swift; sourceTree = "<group>"; };
		2FCBFC4C2559798D000F163E /* ButtonExerciseCell.xib */ = {isa = PBXFileReference; lastKnownFileType = file.xib; path = ButtonExerciseCell.xib; sourceTree = "<group>"; };
		2FF227812554CABC00D494C4 /* NotificationHelper.swift */ = {isa = PBXFileReference; fileEncoding = 4; lastKnownFileType = sourcecode.swift; path = NotificationHelper.swift; sourceTree = "<group>"; };
		487B519625548C0700091ABB /* SummaryTableViewCell.swift */ = {isa = PBXFileReference; lastKnownFileType = sourcecode.swift; path = SummaryTableViewCell.swift; sourceTree = "<group>"; };
		487E1F61254F467500F58265 /* ReviewService.swift */ = {isa = PBXFileReference; lastKnownFileType = sourcecode.swift; path = ReviewService.swift; sourceTree = "<group>"; };
		487E1F6E254F52D200F58265 /* ExerciseSummaryViewController.swift */ = {isa = PBXFileReference; lastKnownFileType = sourcecode.swift; path = ExerciseSummaryViewController.swift; sourceTree = "<group>"; };
		487E1F7B254F553100F58265 /* ExerciseSummaryView.swift */ = {isa = PBXFileReference; lastKnownFileType = sourcecode.swift; path = ExerciseSummaryView.swift; sourceTree = "<group>"; };
		489A2B3325521F1A00713AD4 /* BadgeView.swift */ = {isa = PBXFileReference; lastKnownFileType = sourcecode.swift; path = BadgeView.swift; sourceTree = "<group>"; };
		489A2B382552230900713AD4 /* BadgeViewController.swift */ = {isa = PBXFileReference; lastKnownFileType = sourcecode.swift; path = BadgeViewController.swift; sourceTree = "<group>"; };
		489A2B3D2552249200713AD4 /* ExitViewController.swift */ = {isa = PBXFileReference; lastKnownFileType = sourcecode.swift; path = ExitViewController.swift; sourceTree = "<group>"; };
		489A2B4A2552250000713AD4 /* ExitView.swift */ = {isa = PBXFileReference; lastKnownFileType = sourcecode.swift; path = ExitView.swift; sourceTree = "<group>"; };
		489A2B572552540400713AD4 /* ExerciseModel.swift */ = {isa = PBXFileReference; lastKnownFileType = sourcecode.swift; path = ExerciseModel.swift; sourceTree = "<group>"; };
		48A12B98254BC45E00A02F60 /* InformationExercisionView.swift */ = {isa = PBXFileReference; lastKnownFileType = sourcecode.swift; path = InformationExercisionView.swift; sourceTree = "<group>"; };
		48D518E82550FAE800EDD838 /* .gitignore */ = {isa = PBXFileReference; fileEncoding = 4; lastKnownFileType = text; path = .gitignore; sourceTree = "<group>"; };
		48E2D9952551D21600F2EF03 /* PlanModel.swift */ = {isa = PBXFileReference; lastKnownFileType = sourcecode.swift; path = PlanModel.swift; sourceTree = "<group>"; };
		48E854F9254C2DD3002DAC0B /* InformationExerciseController.swift */ = {isa = PBXFileReference; lastKnownFileType = sourcecode.swift; path = InformationExerciseController.swift; sourceTree = "<group>"; };
		48E8EFAA2542754400783427 /* ExerciseViewController.swift */ = {isa = PBXFileReference; lastKnownFileType = sourcecode.swift; path = ExerciseViewController.swift; sourceTree = "<group>"; };
		48E8EFCE254277D800783427 /* ExerciseView.swift */ = {isa = PBXFileReference; lastKnownFileType = sourcecode.swift; path = ExerciseView.swift; sourceTree = "<group>"; };
		48F4E796254C4B7F0051EED1 /* CircularProgressView.swift */ = {isa = PBXFileReference; lastKnownFileType = sourcecode.swift; path = CircularProgressView.swift; sourceTree = "<group>"; };
		8D09966E2542E977000363BE /* ReminderTableViewCell.swift */ = {isa = PBXFileReference; lastKnownFileType = sourcecode.swift; path = ReminderTableViewCell.swift; sourceTree = "<group>"; };
		8D0996702542EA80000363BE /* ReminderModel.swift */ = {isa = PBXFileReference; lastKnownFileType = sourcecode.swift; path = ReminderModel.swift; sourceTree = "<group>"; };
		8D13C0B225402997002195C9 /* PodiFit.app */ = {isa = PBXFileReference; explicitFileType = wrapper.application; includeInIndex = 0; path = PodiFit.app; sourceTree = BUILT_PRODUCTS_DIR; };
		8D13C0B525402997002195C9 /* AppDelegate.swift */ = {isa = PBXFileReference; lastKnownFileType = sourcecode.swift; path = AppDelegate.swift; sourceTree = "<group>"; };
		8D13C0B725402997002195C9 /* SceneDelegate.swift */ = {isa = PBXFileReference; lastKnownFileType = sourcecode.swift; path = SceneDelegate.swift; sourceTree = "<group>"; };
		8D13C0B925402997002195C9 /* ViewController.swift */ = {isa = PBXFileReference; lastKnownFileType = sourcecode.swift; path = ViewController.swift; sourceTree = "<group>"; };
		8D13C0BC25402997002195C9 /* Base */ = {isa = PBXFileReference; lastKnownFileType = file.storyboard; name = Base; path = Base.lproj/Main.storyboard; sourceTree = "<group>"; };
		8D13C0BF25402997002195C9 /* PodiFit.xcdatamodel */ = {isa = PBXFileReference; lastKnownFileType = wrapper.xcdatamodel; path = PodiFit.xcdatamodel; sourceTree = "<group>"; };
		8D13C0C125402998002195C9 /* Assets.xcassets */ = {isa = PBXFileReference; lastKnownFileType = folder.assetcatalog; path = Assets.xcassets; sourceTree = "<group>"; };
		8D13C0C425402998002195C9 /* Base */ = {isa = PBXFileReference; lastKnownFileType = file.storyboard; name = Base; path = Base.lproj/LaunchScreen.storyboard; sourceTree = "<group>"; };
		8D13C0C625402998002195C9 /* Info.plist */ = {isa = PBXFileReference; lastKnownFileType = text.plist.xml; path = Info.plist; sourceTree = "<group>"; };
		8D13C0CB25402999002195C9 /* PodiFitTests.xctest */ = {isa = PBXFileReference; explicitFileType = wrapper.cfbundle; includeInIndex = 0; path = PodiFitTests.xctest; sourceTree = BUILT_PRODUCTS_DIR; };
		8D13C0CF25402999002195C9 /* PodiFitTests.swift */ = {isa = PBXFileReference; lastKnownFileType = sourcecode.swift; path = PodiFitTests.swift; sourceTree = "<group>"; };
		8D13C0D125402999002195C9 /* Info.plist */ = {isa = PBXFileReference; lastKnownFileType = text.plist.xml; path = Info.plist; sourceTree = "<group>"; };
		8D13C0D625402999002195C9 /* PodiFitUITests.xctest */ = {isa = PBXFileReference; explicitFileType = wrapper.cfbundle; includeInIndex = 0; path = PodiFitUITests.xctest; sourceTree = BUILT_PRODUCTS_DIR; };
		8D13C0DA25402999002195C9 /* PodiFitUITests.swift */ = {isa = PBXFileReference; lastKnownFileType = sourcecode.swift; path = PodiFitUITests.swift; sourceTree = "<group>"; };
		8D13C0DC25402999002195C9 /* Info.plist */ = {isa = PBXFileReference; lastKnownFileType = text.plist.xml; path = Info.plist; sourceTree = "<group>"; };
		8D13C0EA25402AC4002195C9 /* Assesment.storyboard */ = {isa = PBXFileReference; lastKnownFileType = file.storyboard; path = Assesment.storyboard; sourceTree = "<group>"; };
		8D13C0F225402C27002195C9 /* HomePlan.storyboard */ = {isa = PBXFileReference; lastKnownFileType = file.storyboard; path = HomePlan.storyboard; sourceTree = "<group>"; };
		8D13C0F625402D84002195C9 /* Exercise.storyboard */ = {isa = PBXFileReference; lastKnownFileType = file.storyboard; path = Exercise.storyboard; sourceTree = "<group>"; };
		8D13C0F925402E81002195C9 /* Profile.storyboard */ = {isa = PBXFileReference; lastKnownFileType = file.storyboard; path = Profile.storyboard; sourceTree = "<group>"; };
		8D13C0FE25402F2B002195C9 /* Survey.storyboard */ = {isa = PBXFileReference; lastKnownFileType = file.storyboard; path = Survey.storyboard; sourceTree = "<group>"; };
		8D148C8C254140CF00571419 /* HomeProfileViewController.swift */ = {isa = PBXFileReference; lastKnownFileType = sourcecode.swift; path = HomeProfileViewController.swift; sourceTree = "<group>"; };
		8D3D1E70254550D10070444C /* AddReminderViewController.swift */ = {isa = PBXFileReference; lastKnownFileType = sourcecode.swift; path = AddReminderViewController.swift; sourceTree = "<group>"; };
		8D4E5C70254FC0E2002D94C8 /* UserBasicDataHelper.swift */ = {isa = PBXFileReference; lastKnownFileType = sourcecode.swift; path = UserBasicDataHelper.swift; sourceTree = "<group>"; };
		8D4E5C75254FCAB6002D94C8 /* UserDataModel.swift */ = {isa = PBXFileReference; lastKnownFileType = sourcecode.swift; path = UserDataModel.swift; sourceTree = "<group>"; };
		8D73E2B92547DDD2006338FF /* EditProfileViewController.swift */ = {isa = PBXFileReference; lastKnownFileType = sourcecode.swift; path = EditProfileViewController.swift; sourceTree = "<group>"; };
		8D7825D325579BFC00501AEA /* PlanDetailNoDataTableViewCell.swift */ = {isa = PBXFileReference; lastKnownFileType = sourcecode.swift; path = PlanDetailNoDataTableViewCell.swift; sourceTree = "<group>"; };
		8D7825D825579ED700501AEA /* BadgesHelper.swift */ = {isa = PBXFileReference; lastKnownFileType = sourcecode.swift; path = BadgesHelper.swift; sourceTree = "<group>"; };
		8D8E6271254683BD005F445D /* DateExtension.swift */ = {isa = PBXFileReference; lastKnownFileType = sourcecode.swift; path = DateExtension.swift; sourceTree = "<group>"; };
		8DB64608254BA6F40072AC5C /* CompletedPlanDetailsViewController.swift */ = {isa = PBXFileReference; lastKnownFileType = sourcecode.swift; path = CompletedPlanDetailsViewController.swift; sourceTree = "<group>"; };
		8DB6461B254BAA6C0072AC5C /* CompletedPlanDetailTableViewCell.swift */ = {isa = PBXFileReference; lastKnownFileType = sourcecode.swift; path = CompletedPlanDetailTableViewCell.swift; sourceTree = "<group>"; };
		8DB64620254BABF80072AC5C /* CompletedPlanDetailModel.swift */ = {isa = PBXFileReference; lastKnownFileType = sourcecode.swift; path = CompletedPlanDetailModel.swift; sourceTree = "<group>"; };
		8DBF07E4254E61E500AACB19 /* DetailBadgesViewController.swift */ = {isa = PBXFileReference; lastKnownFileType = sourcecode.swift; path = DetailBadgesViewController.swift; sourceTree = "<group>"; };
		8DBF07F4254E64AA00AACB19 /* DetailBadgeTableViewCell.swift */ = {isa = PBXFileReference; lastKnownFileType = sourcecode.swift; path = DetailBadgeTableViewCell.swift; sourceTree = "<group>"; };
		8DBF07F9254E655100AACB19 /* DetailBadgesModel.swift */ = {isa = PBXFileReference; lastKnownFileType = sourcecode.swift; path = DetailBadgesModel.swift; sourceTree = "<group>"; };
		8DC063EC2542699B00D7F8AD /* CompletedPlanTableViewCell.swift */ = {isa = PBXFileReference; lastKnownFileType = sourcecode.swift; path = CompletedPlanTableViewCell.swift; sourceTree = "<group>"; };
		8DC063EE25426CAC00D7F8AD /* CompletedPlanCollectionViewCell.swift */ = {isa = PBXFileReference; lastKnownFileType = sourcecode.swift; path = CompletedPlanCollectionViewCell.swift; sourceTree = "<group>"; };
		8DC063F02542711900D7F8AD /* CompletedPlanModel.swift */ = {isa = PBXFileReference; lastKnownFileType = sourcecode.swift; path = CompletedPlanModel.swift; sourceTree = "<group>"; };
		8DC063F22542866800D7F8AD /* imagePersonTableViewCell.swift */ = {isa = PBXFileReference; lastKnownFileType = sourcecode.swift; path = imagePersonTableViewCell.swift; sourceTree = "<group>"; };
		8DC063F4254286A200D7F8AD /* userDataTableViewCell.swift */ = {isa = PBXFileReference; lastKnownFileType = sourcecode.swift; path = userDataTableViewCell.swift; sourceTree = "<group>"; };
		8DC60F962552504E006A4047 /* NoDataTableViewCell.swift */ = {isa = PBXFileReference; lastKnownFileType = sourcecode.swift; path = NoDataTableViewCell.swift; sourceTree = "<group>"; };
		8DC71C4A254D078600AD6C2B /* Colors.swift */ = {isa = PBXFileReference; lastKnownFileType = sourcecode.swift; name = Colors.swift; path = PodiFit/Theme/Colours/Colors.swift; sourceTree = SOURCE_ROOT; };
		8DC71C4F254D0A0600AD6C2B /* BadgesTableViewCell.swift */ = {isa = PBXFileReference; lastKnownFileType = sourcecode.swift; path = BadgesTableViewCell.swift; sourceTree = "<group>"; };
		8DC71C58254D0C2300AD6C2B /* BadgesCollectionViewCell.swift */ = {isa = PBXFileReference; lastKnownFileType = sourcecode.swift; path = BadgesCollectionViewCell.swift; sourceTree = "<group>"; };
		8DD69DF42554E19500E2DF21 /* NotificationHelper.swift */ = {isa = PBXFileReference; fileEncoding = 4; lastKnownFileType = sourcecode.swift; path = NotificationHelper.swift; sourceTree = "<group>"; };
		8DD69DFC2554E22A00E2DF21 /* PlanHelper.swift */ = {isa = PBXFileReference; lastKnownFileType = sourcecode.swift; path = PlanHelper.swift; sourceTree = "<group>"; };
		8DD69E042554FD7600E2DF21 /* DifficultyHelper.swift */ = {isa = PBXFileReference; lastKnownFileType = sourcecode.swift; path = DifficultyHelper.swift; sourceTree = "<group>"; };
		AB33864B25511EFD00CE24C7 /* TestEntity+CoreDataClass.swift */ = {isa = PBXFileReference; lastKnownFileType = sourcecode.swift; path = "TestEntity+CoreDataClass.swift"; sourceTree = "<group>"; };
		AB33864C25511EFD00CE24C7 /* TestEntity+CoreDataProperties.swift */ = {isa = PBXFileReference; lastKnownFileType = sourcecode.swift; path = "TestEntity+CoreDataProperties.swift"; sourceTree = "<group>"; };
		AB398FD8255538F4006C2B59 /* PlanOverviewViewController.swift */ = {isa = PBXFileReference; lastKnownFileType = sourcecode.swift; path = PlanOverviewViewController.swift; sourceTree = "<group>"; };
		AB5F46222553CD97005DE0D0 /* Exercise+CoreDataClass.swift */ = {isa = PBXFileReference; lastKnownFileType = sourcecode.swift; path = "Exercise+CoreDataClass.swift"; sourceTree = "<group>"; };
		AB5F46232553CD97005DE0D0 /* Exercise+CoreDataProperties.swift */ = {isa = PBXFileReference; lastKnownFileType = sourcecode.swift; path = "Exercise+CoreDataProperties.swift"; sourceTree = "<group>"; };
		AB5F46242553CD97005DE0D0 /* Plan+CoreDataClass.swift */ = {isa = PBXFileReference; lastKnownFileType = sourcecode.swift; path = "Plan+CoreDataClass.swift"; sourceTree = "<group>"; };
		AB5F46252553CD97005DE0D0 /* Plan+CoreDataProperties.swift */ = {isa = PBXFileReference; lastKnownFileType = sourcecode.swift; path = "Plan+CoreDataProperties.swift"; sourceTree = "<group>"; };
		AB5F46262553CD97005DE0D0 /* ExerciseSteps+CoreDataClass.swift */ = {isa = PBXFileReference; lastKnownFileType = sourcecode.swift; path = "ExerciseSteps+CoreDataClass.swift"; sourceTree = "<group>"; };
		AB5F46272553CD97005DE0D0 /* ExerciseSteps+CoreDataProperties.swift */ = {isa = PBXFileReference; lastKnownFileType = sourcecode.swift; path = "ExerciseSteps+CoreDataProperties.swift"; sourceTree = "<group>"; };
		AB5F46282553CD97005DE0D0 /* Badges+CoreDataClass.swift */ = {isa = PBXFileReference; lastKnownFileType = sourcecode.swift; path = "Badges+CoreDataClass.swift"; sourceTree = "<group>"; };
		AB5F46292553CD97005DE0D0 /* Badges+CoreDataProperties.swift */ = {isa = PBXFileReference; lastKnownFileType = sourcecode.swift; path = "Badges+CoreDataProperties.swift"; sourceTree = "<group>"; };
		AB5F462A2553CD97005DE0D0 /* Difficulty+CoreDataClass.swift */ = {isa = PBXFileReference; lastKnownFileType = sourcecode.swift; path = "Difficulty+CoreDataClass.swift"; sourceTree = "<group>"; };
		AB5F462B2553CD97005DE0D0 /* Difficulty+CoreDataProperties.swift */ = {isa = PBXFileReference; lastKnownFileType = sourcecode.swift; path = "Difficulty+CoreDataProperties.swift"; sourceTree = "<group>"; };
		AB5F462C2553CD97005DE0D0 /* Reminder+CoreDataClass.swift */ = {isa = PBXFileReference; lastKnownFileType = sourcecode.swift; path = "Reminder+CoreDataClass.swift"; sourceTree = "<group>"; };
		AB5F462D2553CD97005DE0D0 /* Reminder+CoreDataProperties.swift */ = {isa = PBXFileReference; lastKnownFileType = sourcecode.swift; path = "Reminder+CoreDataProperties.swift"; sourceTree = "<group>"; };
		AB5F462E2553CD97005DE0D0 /* User+CoreDataClass.swift */ = {isa = PBXFileReference; lastKnownFileType = sourcecode.swift; path = "User+CoreDataClass.swift"; sourceTree = "<group>"; };
		AB5F462F2553CD97005DE0D0 /* User+CoreDataProperties.swift */ = {isa = PBXFileReference; lastKnownFileType = sourcecode.swift; path = "User+CoreDataProperties.swift"; sourceTree = "<group>"; };
		AB5F46442553EDDD005DE0D0 /* PodiFit 2.xcdatamodel */ = {isa = PBXFileReference; lastKnownFileType = wrapper.xcdatamodel; path = "PodiFit 2.xcdatamodel"; sourceTree = "<group>"; };
		AB6E780525593ACD00262039 /* PlanInfoCell.swift */ = {isa = PBXFileReference; lastKnownFileType = sourcecode.swift; path = PlanInfoCell.swift; sourceTree = "<group>"; };
		AB6E780625593ACD00262039 /* PlanInfoCell.xib */ = {isa = PBXFileReference; lastKnownFileType = file.xib; path = PlanInfoCell.xib; sourceTree = "<group>"; };
		AB88B9522551486400AFF3BA /* ModalPlanViewController.swift */ = {isa = PBXFileReference; lastKnownFileType = sourcecode.swift; path = ModalPlanViewController.swift; sourceTree = "<group>"; };
		ABA6B22F2555012B00FC9D83 /* PodiFit3.xcdatamodel */ = {isa = PBXFileReference; lastKnownFileType = wrapper.xcdatamodel; path = PodiFit3.xcdatamodel; sourceTree = "<group>"; };
		ABFB99FD254FFBD400B5E96A /* PlanListOverviewTableViewCell.swift */ = {isa = PBXFileReference; fileEncoding = 4; lastKnownFileType = sourcecode.swift; path = PlanListOverviewTableViewCell.swift; sourceTree = "<group>"; };
		ABFB9A08254FFC1A00B5E96A /* ExerciseHeaderTableViewCell.xib */ = {isa = PBXFileReference; fileEncoding = 4; lastKnownFileType = file.xib; path = ExerciseHeaderTableViewCell.xib; sourceTree = "<group>"; };
		ABFB9A09254FFC1A00B5E96A /* ButtonTableViewCell.xib */ = {isa = PBXFileReference; fileEncoding = 4; lastKnownFileType = file.xib; path = ButtonTableViewCell.xib; sourceTree = "<group>"; };
		ABFB9A0A254FFC1A00B5E96A /* DescTableViewCell.swift */ = {isa = PBXFileReference; fileEncoding = 4; lastKnownFileType = sourcecode.swift; path = DescTableViewCell.swift; sourceTree = "<group>"; };
		ABFB9A0B254FFC1A00B5E96A /* ExerciseTableViewCell.swift */ = {isa = PBXFileReference; fileEncoding = 4; lastKnownFileType = sourcecode.swift; path = ExerciseTableViewCell.swift; sourceTree = "<group>"; };
		ABFB9A0C254FFC1A00B5E96A /* DescTableViewCell.xib */ = {isa = PBXFileReference; fileEncoding = 4; lastKnownFileType = file.xib; path = DescTableViewCell.xib; sourceTree = "<group>"; };
		ABFB9A0D254FFC1A00B5E96A /* ExerciseHeaderTableViewCell.swift */ = {isa = PBXFileReference; fileEncoding = 4; lastKnownFileType = sourcecode.swift; path = ExerciseHeaderTableViewCell.swift; sourceTree = "<group>"; };
		ABFB9A0E254FFC1A00B5E96A /* ChoosePlanViewController.swift */ = {isa = PBXFileReference; fileEncoding = 4; lastKnownFileType = sourcecode.swift; path = ChoosePlanViewController.swift; sourceTree = "<group>"; };
		ABFB9A0F254FFC1A00B5E96A /* ButtonTableViewCell.swift */ = {isa = PBXFileReference; fileEncoding = 4; lastKnownFileType = sourcecode.swift; path = ButtonTableViewCell.swift; sourceTree = "<group>"; };
		ABFB9A10254FFC1A00B5E96A /* ExerciseTableViewCell.xib */ = {isa = PBXFileReference; fileEncoding = 4; lastKnownFileType = file.xib; path = ExerciseTableViewCell.xib; sourceTree = "<group>"; };
		ABFB9A2B255000A700B5E96A /* ChoosePlan.storyboard */ = {isa = PBXFileReference; fileEncoding = 4; lastKnownFileType = file.storyboard; path = ChoosePlan.storyboard; sourceTree = "<group>"; };
		ABFB9A352550011A00B5E96A /* MovementCollectionViewCell.xib */ = {isa = PBXFileReference; fileEncoding = 4; lastKnownFileType = file.xib; path = MovementCollectionViewCell.xib; sourceTree = "<group>"; };
		ABFB9A362550011A00B5E96A /* MovementCollectionViewCell.swift */ = {isa = PBXFileReference; fileEncoding = 4; lastKnownFileType = sourcecode.swift; path = MovementCollectionViewCell.swift; sourceTree = "<group>"; };
		ABFB9A372550011A00B5E96A /* CustomizePlanTableViewController.swift */ = {isa = PBXFileReference; fileEncoding = 4; lastKnownFileType = sourcecode.swift; path = CustomizePlanTableViewController.swift; sourceTree = "<group>"; };
		ABFB9A382550011A00B5E96A /* MovementCollectionModel.swift */ = {isa = PBXFileReference; fileEncoding = 4; lastKnownFileType = sourcecode.swift; path = MovementCollectionModel.swift; sourceTree = "<group>"; };
		ABFB9A3A2550011A00B5E96A /* CustomizePlanTableViewCell.xib */ = {isa = PBXFileReference; fileEncoding = 4; lastKnownFileType = file.xib; path = CustomizePlanTableViewCell.xib; sourceTree = "<group>"; };
		ABFB9A3B2550011A00B5E96A /* CustomizePlanTableViewCell.swift */ = {isa = PBXFileReference; fileEncoding = 4; lastKnownFileType = sourcecode.swift; path = CustomizePlanTableViewCell.swift; sourceTree = "<group>"; };
/* End PBXFileReference section */

/* Begin PBXFrameworksBuildPhase section */
		8D13C0AF25402997002195C9 /* Frameworks */ = {
			isa = PBXFrameworksBuildPhase;
			buildActionMask = 2147483647;
			files = (
			);
			runOnlyForDeploymentPostprocessing = 0;
		};
		8D13C0C825402999002195C9 /* Frameworks */ = {
			isa = PBXFrameworksBuildPhase;
			buildActionMask = 2147483647;
			files = (
			);
			runOnlyForDeploymentPostprocessing = 0;
		};
		8D13C0D325402999002195C9 /* Frameworks */ = {
			isa = PBXFrameworksBuildPhase;
			buildActionMask = 2147483647;
			files = (
			);
			runOnlyForDeploymentPostprocessing = 0;
		};
/* End PBXFrameworksBuildPhase section */

/* Begin PBXGroup section */
		2F0BEEFD255141980017103D /* Controller */ = {
			isa = PBXGroup;
			children = (
				2F57CE2125517BDC00EB914E /* AssesmentStep1VC.swift */,
				2F0BEF04255142190017103D /* AssesmentStep2VC.swift */,
				2F0BEF09255178540017103D /* AssesmentResultVC.swift */,
			);
			path = Controller;
			sourceTree = "<group>";
		};
		2F57CE2F2551A30600EB914E /* Controller */ = {
			isa = PBXGroup;
			children = (
				2FC9170F25590C6B0047F26E /* ActivePlan */,
				2FC9171025590C900047F26E /* ShowPlan */,
				2FC9171125590CAA0047F26E /* ListPlan */,
			);
			path = Controller;
			sourceTree = "<group>";
		};
		2F57CE562551CD0800EB914E /* View */ = {
			isa = PBXGroup;
			children = (
				2FC9171225590CD90047F26E /* ActivePlan */,
				2FC9171325590CE50047F26E /* ShowPlan */,
				2FC9171425590D760047F26E /* ListPlan */,
				8D13C0F225402C27002195C9 /* HomePlan.storyboard */,
			);
			path = View;
			sourceTree = "<group>";
		};
		2FC9170F25590C6B0047F26E /* ActivePlan */ = {
			isa = PBXGroup;
			children = (
				2F57CE302551A32000EB914E /* HomePlanVC.swift */,
				2F57CE4C2551B57B00EB914E /* ActivePlanCell.swift */,
			);
			path = ActivePlan;
			sourceTree = "<group>";
		};
		2FC9171025590C900047F26E /* ShowPlan */ = {
			isa = PBXGroup;
			children = (
				2F9C0F13255626D900D87F01 /* ShowPlanVC.swift */,
				2FCBFC4B2559798D000F163E /* ButtonExerciseCell.swift */,
				2FC916FD2558E1E60047F26E /* NumberExercisesCell.swift */,
			);
			path = ShowPlan;
			sourceTree = "<group>";
		};
		2FC9171125590CAA0047F26E /* ListPlan */ = {
			isa = PBXGroup;
			children = (
				2F9C0F2C2558621F00D87F01 /* ListPlanVC.swift */,
				2F9C0F34255864E300D87F01 /* ListExerciseCell.swift */,
			);
			path = ListPlan;
			sourceTree = "<group>";
		};
		2FC9171225590CD90047F26E /* ActivePlan */ = {
			isa = PBXGroup;
			children = (
				2F57CE4D2551B57B00EB914E /* ActivePlanCell.xib */,
			);
			path = ActivePlan;
			sourceTree = "<group>";
		};
		2FC9171325590CE50047F26E /* ShowPlan */ = {
			isa = PBXGroup;
			children = (
				2FC916FE2558E1E60047F26E /* NumberExercisesCell.xib */,
				2FCBFC4C2559798D000F163E /* ButtonExerciseCell.xib */,
			);
			path = ShowPlan;
			sourceTree = "<group>";
		};
		2FC9171425590D760047F26E /* ListPlan */ = {
			isa = PBXGroup;
			children = (
				2F9C0F35255864E300D87F01 /* ListExerciseCell.xib */,
			);
			path = ListPlan;
			sourceTree = "<group>";
		};
		2FF2276C2554C8DC00D494C4 /* Recovered References */ = {
			isa = PBXGroup;
			children = (
				2F733406254FCA5C006E4775 /* HomePlanVC.swift */,
			);
			name = "Recovered References";
			sourceTree = "<group>";
		};
		4898B4C9254928E800FBBC17 /* Theme */ = {
			isa = PBXGroup;
			children = (
				4898B4CB2549294900FBBC17 /* Colours */,
			);
			path = Theme;
			sourceTree = "<group>";
		};
		4898B4CB2549294900FBBC17 /* Colours */ = {
			isa = PBXGroup;
			children = (
				8DC71C4A254D078600AD6C2B /* Colors.swift */,
			);
			path = Colours;
			sourceTree = "<group>";
		};
		48D518FF2551024000EDD838 /* Model */ = {
			isa = PBXGroup;
			children = (
				48E2D9952551D21600F2EF03 /* PlanModel.swift */,
			);
			path = Model;
			sourceTree = "<group>";
		};
		48E8EFD4254280E100783427 /* Controller */ = {
			isa = PBXGroup;
			children = (
				48E8EFAA2542754400783427 /* ExerciseViewController.swift */,
				48E854F9254C2DD3002DAC0B /* InformationExerciseController.swift */,
				487E1F61254F467500F58265 /* ReviewService.swift */,
				487E1F6E254F52D200F58265 /* ExerciseSummaryViewController.swift */,
				489A2B382552230900713AD4 /* BadgeViewController.swift */,
				489A2B3D2552249200713AD4 /* ExitViewController.swift */,
			);
			path = Controller;
			sourceTree = "<group>";
		};
		48E8EFD5254280EB00783427 /* View */ = {
			isa = PBXGroup;
			children = (
				8D13C0F625402D84002195C9 /* Exercise.storyboard */,
				48E8EFCE254277D800783427 /* ExerciseView.swift */,
				48A12B98254BC45E00A02F60 /* InformationExercisionView.swift */,
				48F4E796254C4B7F0051EED1 /* CircularProgressView.swift */,
				487E1F7B254F553100F58265 /* ExerciseSummaryView.swift */,
				489A2B3325521F1A00713AD4 /* BadgeView.swift */,
				489A2B4A2552250000713AD4 /* ExitView.swift */,
				487B519625548C0700091ABB /* SummaryTableViewCell.swift */,
			);
			path = View;
			sourceTree = "<group>";
		};
		8D13C0A925402997002195C9 = {
			isa = PBXGroup;
			children = (
				48D518E82550FAE800EDD838 /* .gitignore */,
				8D13C0B425402997002195C9 /* PodiFit */,
				8D13C0CE25402999002195C9 /* PodiFitTests */,
				8D13C0D925402999002195C9 /* PodiFitUITests */,
				8D13C0B325402997002195C9 /* Products */,
				2FF2276C2554C8DC00D494C4 /* Recovered References */,
			);
			sourceTree = "<group>";
		};
		8D13C0B325402997002195C9 /* Products */ = {
			isa = PBXGroup;
			children = (
				8D13C0B225402997002195C9 /* PodiFit.app */,
				8D13C0CB25402999002195C9 /* PodiFitTests.xctest */,
				8D13C0D625402999002195C9 /* PodiFitUITests.xctest */,
			);
			name = Products;
			sourceTree = "<group>";
		};
		8D13C0B425402997002195C9 /* PodiFit */ = {
			isa = PBXGroup;
			children = (
				4898B4C9254928E800FBBC17 /* Theme */,
				8D13C101254035D8002195C9 /* Networking Model */,
				8D13C0FB25402F02002195C9 /* Survey */,
				8D13C0F825402E6E002195C9 /* HomeProfile */,
				8D13C0F525402D6D002195C9 /* Exercise */,
				8D13C0F125402BFE002195C9 /* HomePlan */,
				8D13C0EE25402B57002195C9 /* ChoosePlan */,
				8D13C0E925402AA4002195C9 /* Assesment */,
				8D13C0B525402997002195C9 /* AppDelegate.swift */,
				8D13C0B925402997002195C9 /* ViewController.swift */,
				8D13C0BB25402997002195C9 /* Main.storyboard */,
				8D13C0C125402998002195C9 /* Assets.xcassets */,
				8D13C0C325402998002195C9 /* LaunchScreen.storyboard */,
				8D13C0C625402998002195C9 /* Info.plist */,
				8D13C0BE25402997002195C9 /* PodiFit.xcdatamodeld */,
			);
			path = PodiFit;
			sourceTree = "<group>";
		};
		8D13C0CE25402999002195C9 /* PodiFitTests */ = {
			isa = PBXGroup;
			children = (
				8D13C0CF25402999002195C9 /* PodiFitTests.swift */,
				8D13C0D125402999002195C9 /* Info.plist */,
			);
			path = PodiFitTests;
			sourceTree = "<group>";
		};
		8D13C0D925402999002195C9 /* PodiFitUITests */ = {
			isa = PBXGroup;
			children = (
				8D13C0DA25402999002195C9 /* PodiFitUITests.swift */,
				8D13C0DC25402999002195C9 /* Info.plist */,
			);
			path = PodiFitUITests;
			sourceTree = "<group>";
		};
		8D13C0E925402AA4002195C9 /* Assesment */ = {
			isa = PBXGroup;
			children = (
				2F0BEEFD255141980017103D /* Controller */,
				8D13C0EA25402AC4002195C9 /* Assesment.storyboard */,
			);
			path = Assesment;
			sourceTree = "<group>";
		};
		8D13C0EE25402B57002195C9 /* ChoosePlan */ = {
			isa = PBXGroup;
			children = (
				AB33864B25511EFD00CE24C7 /* TestEntity+CoreDataClass.swift */,
				AB33864C25511EFD00CE24C7 /* TestEntity+CoreDataProperties.swift */,
				ABFB99FC254FFBA300B5E96A /* PlanOverview */,
				ABFB9A07254FFC1A00B5E96A /* ChoosePlanOverview */,
				ABFB9A332550011A00B5E96A /* CustomizePlan */,
				AB88B9512551482900AFF3BA /* ModalPlan */,
				ABFB9A2B255000A700B5E96A /* ChoosePlan.storyboard */,
				8D13C0B725402997002195C9 /* SceneDelegate.swift */,
			);
			path = ChoosePlan;
			sourceTree = "<group>";
		};
		8D13C0F125402BFE002195C9 /* HomePlan */ = {
			isa = PBXGroup;
			children = (
				2F57CE2F2551A30600EB914E /* Controller */,
				2F57CE562551CD0800EB914E /* View */,
			);
			path = HomePlan;
			sourceTree = "<group>";
		};
		8D13C0F525402D6D002195C9 /* Exercise */ = {
			isa = PBXGroup;
			children = (
				48D518FF2551024000EDD838 /* Model */,
				48E8EFD5254280EB00783427 /* View */,
				48E8EFD4254280E100783427 /* Controller */,
			);
			path = Exercise;
			sourceTree = "<group>";
		};
		8D13C0F825402E6E002195C9 /* HomeProfile */ = {
			isa = PBXGroup;
			children = (
				8DBF07D5254E612400AACB19 /* CollectionView */,
				8DBF07D4254E610E00AACB19 /* Controller */,
				8DBF07D3254E60FE00AACB19 /* Model */,
				8DBF07CF254E60BE00AACB19 /* TableViewCell */,
				8D13C0F925402E81002195C9 /* Profile.storyboard */,
			);
			path = HomeProfile;
			sourceTree = "<group>";
		};
		8D13C0FB25402F02002195C9 /* Survey */ = {
			isa = PBXGroup;
			children = (
				8D13C0FE25402F2B002195C9 /* Survey.storyboard */,
			);
			path = Survey;
			sourceTree = "<group>";
		};
		8D13C101254035D8002195C9 /* Networking Model */ = {
			isa = PBXGroup;
			children = (
				2FF227812554CABC00D494C4 /* NotificationHelper.swift */,
				AB5F46222553CD97005DE0D0 /* Exercise+CoreDataClass.swift */,
				AB5F46232553CD97005DE0D0 /* Exercise+CoreDataProperties.swift */,
				AB5F46242553CD97005DE0D0 /* Plan+CoreDataClass.swift */,
				AB5F46252553CD97005DE0D0 /* Plan+CoreDataProperties.swift */,
				AB5F46262553CD97005DE0D0 /* ExerciseSteps+CoreDataClass.swift */,
				AB5F46272553CD97005DE0D0 /* ExerciseSteps+CoreDataProperties.swift */,
				AB5F46282553CD97005DE0D0 /* Badges+CoreDataClass.swift */,
				AB5F46292553CD97005DE0D0 /* Badges+CoreDataProperties.swift */,
				AB5F462A2553CD97005DE0D0 /* Difficulty+CoreDataClass.swift */,
				AB5F462B2553CD97005DE0D0 /* Difficulty+CoreDataProperties.swift */,
				AB5F462C2553CD97005DE0D0 /* Reminder+CoreDataClass.swift */,
				AB5F462D2553CD97005DE0D0 /* Reminder+CoreDataProperties.swift */,
				AB5F462E2553CD97005DE0D0 /* User+CoreDataClass.swift */,
				AB5F462F2553CD97005DE0D0 /* User+CoreDataProperties.swift */,
				8D4E5C70254FC0E2002D94C8 /* UserBasicDataHelper.swift */,
				8DD69DFC2554E22A00E2DF21 /* PlanHelper.swift */,
				8DD69DF42554E19500E2DF21 /* NotificationHelper.swift */,
				489A2B572552540400713AD4 /* ExerciseModel.swift */,
				8DD69E042554FD7600E2DF21 /* DifficultyHelper.swift */,
				8D7825D825579ED700501AEA /* BadgesHelper.swift */,
			);
			path = "Networking Model";
			sourceTree = "<group>";
		};
		8DBF07CF254E60BE00AACB19 /* TableViewCell */ = {
			isa = PBXGroup;
			children = (
				8DC71C4F254D0A0600AD6C2B /* BadgesTableViewCell.swift */,
				8D09966E2542E977000363BE /* ReminderTableViewCell.swift */,
				8DC063F4254286A200D7F8AD /* userDataTableViewCell.swift */,
				8DB6461B254BAA6C0072AC5C /* CompletedPlanDetailTableViewCell.swift */,
				8DC063F22542866800D7F8AD /* imagePersonTableViewCell.swift */,
				8DC063EC2542699B00D7F8AD /* CompletedPlanTableViewCell.swift */,
				8DC71C58254D0C2300AD6C2B /* BadgesCollectionViewCell.swift */,
				8DBF07F4254E64AA00AACB19 /* DetailBadgeTableViewCell.swift */,
				8DC60F962552504E006A4047 /* NoDataTableViewCell.swift */,
				8D7825D325579BFC00501AEA /* PlanDetailNoDataTableViewCell.swift */,
			);
			path = TableViewCell;
			sourceTree = "<group>";
		};
		8DBF07D3254E60FE00AACB19 /* Model */ = {
			isa = PBXGroup;
			children = (
				8DB64620254BABF80072AC5C /* CompletedPlanDetailModel.swift */,
				8DC063F02542711900D7F8AD /* CompletedPlanModel.swift */,
				8D0996702542EA80000363BE /* ReminderModel.swift */,
				8D8E6271254683BD005F445D /* DateExtension.swift */,
				8DBF07F9254E655100AACB19 /* DetailBadgesModel.swift */,
				8D4E5C75254FCAB6002D94C8 /* UserDataModel.swift */,
			);
			path = Model;
			sourceTree = "<group>";
		};
		8DBF07D4254E610E00AACB19 /* Controller */ = {
			isa = PBXGroup;
			children = (
				8DBF07E4254E61E500AACB19 /* DetailBadgesViewController.swift */,
				8D148C8C254140CF00571419 /* HomeProfileViewController.swift */,
				8D3D1E70254550D10070444C /* AddReminderViewController.swift */,
				8DB64608254BA6F40072AC5C /* CompletedPlanDetailsViewController.swift */,
				8D73E2B92547DDD2006338FF /* EditProfileViewController.swift */,
			);
			path = Controller;
			sourceTree = "<group>";
		};
		8DBF07D5254E612400AACB19 /* CollectionView */ = {
			isa = PBXGroup;
			children = (
				8DC063EE25426CAC00D7F8AD /* CompletedPlanCollectionViewCell.swift */,
			);
			path = CollectionView;
			sourceTree = "<group>";
		};
		AB36384B2552AE1E002A5E6B /* ExerciseHeaderCell */ = {
			isa = PBXGroup;
			children = (
				ABFB9A0D254FFC1A00B5E96A /* ExerciseHeaderTableViewCell.swift */,
				ABFB9A08254FFC1A00B5E96A /* ExerciseHeaderTableViewCell.xib */,
			);
			path = ExerciseHeaderCell;
			sourceTree = "<group>";
		};
		AB36384D2552AE57002A5E6B /* ButtonCell */ = {
			isa = PBXGroup;
			children = (
				ABFB9A0F254FFC1A00B5E96A /* ButtonTableViewCell.swift */,
				ABFB9A09254FFC1A00B5E96A /* ButtonTableViewCell.xib */,
			);
			path = ButtonCell;
			sourceTree = "<group>";
		};
		AB36384E2552AE83002A5E6B /* ExerciseCell */ = {
			isa = PBXGroup;
			children = (
				ABFB9A10254FFC1A00B5E96A /* ExerciseTableViewCell.xib */,
				ABFB9A0B254FFC1A00B5E96A /* ExerciseTableViewCell.swift */,
			);
			path = ExerciseCell;
			sourceTree = "<group>";
		};
		AB36384F2552AE99002A5E6B /* DescCell */ = {
			isa = PBXGroup;
			children = (
				ABFB9A0A254FFC1A00B5E96A /* DescTableViewCell.swift */,
				ABFB9A0C254FFC1A00B5E96A /* DescTableViewCell.xib */,
			);
			path = DescCell;
			sourceTree = "<group>";
		};
		AB6E780C25593DD500262039 /* PlanInfoCell */ = {
			isa = PBXGroup;
			children = (
				AB6E780525593ACD00262039 /* PlanInfoCell.swift */,
				AB6E780625593ACD00262039 /* PlanInfoCell.xib */,
			);
			path = PlanInfoCell;
			sourceTree = "<group>";
		};
		AB88B9512551482900AFF3BA /* ModalPlan */ = {
			isa = PBXGroup;
			children = (
				AB88B9522551486400AFF3BA /* ModalPlanViewController.swift */,
			);
			path = ModalPlan;
			sourceTree = "<group>";
		};
		ABFB99FC254FFBA300B5E96A /* PlanOverview */ = {
			isa = PBXGroup;
			children = (
				ABFB99FD254FFBD400B5E96A /* PlanListOverviewTableViewCell.swift */,
				AB398FD8255538F4006C2B59 /* PlanOverviewViewController.swift */,
			);
			path = PlanOverview;
			sourceTree = "<group>";
		};
		ABFB9A07254FFC1A00B5E96A /* ChoosePlanOverview */ = {
			isa = PBXGroup;
			children = (
				AB6E780C25593DD500262039 /* PlanInfoCell */,
				AB36384F2552AE99002A5E6B /* DescCell */,
				AB36384E2552AE83002A5E6B /* ExerciseCell */,
				AB36384D2552AE57002A5E6B /* ButtonCell */,
				AB36384B2552AE1E002A5E6B /* ExerciseHeaderCell */,
				ABFB9A0E254FFC1A00B5E96A /* ChoosePlanViewController.swift */,
			);
			path = ChoosePlanOverview;
			sourceTree = "<group>";
		};
		ABFB9A332550011A00B5E96A /* CustomizePlan */ = {
			isa = PBXGroup;
			children = (
				ABFB9A342550011A00B5E96A /* MovementCollectionView */,
				ABFB9A392550011A00B5E96A /* CustomizePlanTableViewCell */,
				ABFB9A372550011A00B5E96A /* CustomizePlanTableViewController.swift */,
				ABFB9A382550011A00B5E96A /* MovementCollectionModel.swift */,
			);
			path = CustomizePlan;
			sourceTree = "<group>";
		};
		ABFB9A342550011A00B5E96A /* MovementCollectionView */ = {
			isa = PBXGroup;
			children = (
				ABFB9A352550011A00B5E96A /* MovementCollectionViewCell.xib */,
				ABFB9A362550011A00B5E96A /* MovementCollectionViewCell.swift */,
			);
			path = MovementCollectionView;
			sourceTree = "<group>";
		};
		ABFB9A392550011A00B5E96A /* CustomizePlanTableViewCell */ = {
			isa = PBXGroup;
			children = (
				ABFB9A3A2550011A00B5E96A /* CustomizePlanTableViewCell.xib */,
				ABFB9A3B2550011A00B5E96A /* CustomizePlanTableViewCell.swift */,
			);
			path = CustomizePlanTableViewCell;
			sourceTree = "<group>";
		};
/* End PBXGroup section */

/* Begin PBXNativeTarget section */
		8D13C0B125402997002195C9 /* PodiFit */ = {
			isa = PBXNativeTarget;
			buildConfigurationList = 8D13C0DF25402999002195C9 /* Build configuration list for PBXNativeTarget "PodiFit" */;
			buildPhases = (
				8D13C0AE25402997002195C9 /* Sources */,
				8D13C0AF25402997002195C9 /* Frameworks */,
				8D13C0B025402997002195C9 /* Resources */,
			);
			buildRules = (
			);
			dependencies = (
			);
			name = PodiFit;
			productName = PodiFit;
			productReference = 8D13C0B225402997002195C9 /* PodiFit.app */;
			productType = "com.apple.product-type.application";
		};
		8D13C0CA25402999002195C9 /* PodiFitTests */ = {
			isa = PBXNativeTarget;
			buildConfigurationList = 8D13C0E225402999002195C9 /* Build configuration list for PBXNativeTarget "PodiFitTests" */;
			buildPhases = (
				8D13C0C725402999002195C9 /* Sources */,
				8D13C0C825402999002195C9 /* Frameworks */,
				8D13C0C925402999002195C9 /* Resources */,
			);
			buildRules = (
			);
			dependencies = (
				8D13C0CD25402999002195C9 /* PBXTargetDependency */,
			);
			name = PodiFitTests;
			productName = PodiFitTests;
			productReference = 8D13C0CB25402999002195C9 /* PodiFitTests.xctest */;
			productType = "com.apple.product-type.bundle.unit-test";
		};
		8D13C0D525402999002195C9 /* PodiFitUITests */ = {
			isa = PBXNativeTarget;
			buildConfigurationList = 8D13C0E525402999002195C9 /* Build configuration list for PBXNativeTarget "PodiFitUITests" */;
			buildPhases = (
				8D13C0D225402999002195C9 /* Sources */,
				8D13C0D325402999002195C9 /* Frameworks */,
				8D13C0D425402999002195C9 /* Resources */,
			);
			buildRules = (
			);
			dependencies = (
				8D13C0D825402999002195C9 /* PBXTargetDependency */,
			);
			name = PodiFitUITests;
			productName = PodiFitUITests;
			productReference = 8D13C0D625402999002195C9 /* PodiFitUITests.xctest */;
			productType = "com.apple.product-type.bundle.ui-testing";
		};
/* End PBXNativeTarget section */

/* Begin PBXProject section */
		8D13C0AA25402997002195C9 /* Project object */ = {
			isa = PBXProject;
			attributes = {
				LastSwiftUpdateCheck = 1160;
				LastUpgradeCheck = 1160;
				ORGANIZATIONNAME = "Nathanael Adolf Sukiman";
				TargetAttributes = {
					8D13C0B125402997002195C9 = {
						CreatedOnToolsVersion = 11.6;
					};
					8D13C0CA25402999002195C9 = {
						CreatedOnToolsVersion = 11.6;
						TestTargetID = 8D13C0B125402997002195C9;
					};
					8D13C0D525402999002195C9 = {
						CreatedOnToolsVersion = 11.6;
						TestTargetID = 8D13C0B125402997002195C9;
					};
				};
			};
			buildConfigurationList = 8D13C0AD25402997002195C9 /* Build configuration list for PBXProject "PodiFit" */;
			compatibilityVersion = "Xcode 9.3";
			developmentRegion = en;
			hasScannedForEncodings = 0;
			knownRegions = (
				en,
				Base,
			);
			mainGroup = 8D13C0A925402997002195C9;
			productRefGroup = 8D13C0B325402997002195C9 /* Products */;
			projectDirPath = "";
			projectRoot = "";
			targets = (
				8D13C0B125402997002195C9 /* PodiFit */,
				8D13C0CA25402999002195C9 /* PodiFitTests */,
				8D13C0D525402999002195C9 /* PodiFitUITests */,
			);
		};
/* End PBXProject section */

/* Begin PBXResourcesBuildPhase section */
		8D13C0B025402997002195C9 /* Resources */ = {
			isa = PBXResourcesBuildPhase;
			buildActionMask = 2147483647;
			files = (
				48D518E92550FAE800EDD838 /* .gitignore in Resources */,
				8D13C0C525402998002195C9 /* LaunchScreen.storyboard in Resources */,
				8D13C0FA25402E81002195C9 /* Profile.storyboard in Resources */,
				8D13C0FF25402F2B002195C9 /* Survey.storyboard in Resources */,
				2F9C0F37255864E300D87F01 /* ListExerciseCell.xib in Resources */,
				8D13C0C225402998002195C9 /* Assets.xcassets in Resources */,
				ABFB9A11254FFC1A00B5E96A /* ExerciseHeaderTableViewCell.xib in Resources */,
				8D13C0F725402D84002195C9 /* Exercise.storyboard in Resources */,
				2FC917002558E1E60047F26E /* NumberExercisesCell.xib in Resources */,
				2F57CE4F2551B57B00EB914E /* ActivePlanCell.xib in Resources */,
				8D13C0EB25402AC4002195C9 /* Assesment.storyboard in Resources */,
				ABFB9A402550011A00B5E96A /* CustomizePlanTableViewCell.xib in Resources */,
				ABFB9A3C2550011A00B5E96A /* MovementCollectionViewCell.xib in Resources */,
				ABFB9A15254FFC1A00B5E96A /* DescTableViewCell.xib in Resources */,
				ABFB9A12254FFC1A00B5E96A /* ButtonTableViewCell.xib in Resources */,
				2FCBFC4E2559798D000F163E /* ButtonExerciseCell.xib in Resources */,
				ABFB9A19254FFC1A00B5E96A /* ExerciseTableViewCell.xib in Resources */,
				AB6E780825593ACD00262039 /* PlanInfoCell.xib in Resources */,
				ABFB9A2C255000A700B5E96A /* ChoosePlan.storyboard in Resources */,
				8D13C0F325402C27002195C9 /* HomePlan.storyboard in Resources */,
				8D13C0BD25402997002195C9 /* Main.storyboard in Resources */,
			);
			runOnlyForDeploymentPostprocessing = 0;
		};
		8D13C0C925402999002195C9 /* Resources */ = {
			isa = PBXResourcesBuildPhase;
			buildActionMask = 2147483647;
			files = (
			);
			runOnlyForDeploymentPostprocessing = 0;
		};
		8D13C0D425402999002195C9 /* Resources */ = {
			isa = PBXResourcesBuildPhase;
			buildActionMask = 2147483647;
			files = (
			);
			runOnlyForDeploymentPostprocessing = 0;
		};
/* End PBXResourcesBuildPhase section */

/* Begin PBXSourcesBuildPhase section */
		8D13C0AE25402997002195C9 /* Sources */ = {
			isa = PBXSourcesBuildPhase;
			buildActionMask = 2147483647;
			files = (
				2FF2277D2554CA9300D494C4 /* HomeProfileViewController.swift in Sources */,
				48A12B99254BC45E00A02F60 /* InformationExercisionView.swift in Sources */,
				AB5F46322553CD97005DE0D0 /* Plan+CoreDataClass.swift in Sources */,
				8D73E2BA2547DDD2006338FF /* EditProfileViewController.swift in Sources */,
				2FC916FF2558E1E60047F26E /* NumberExercisesCell.swift in Sources */,
				2F0BEF05255142190017103D /* AssesmentStep2VC.swift in Sources */,
				ABFB9A14254FFC1A00B5E96A /* ExerciseTableViewCell.swift in Sources */,
				8DC063F5254286A200D7F8AD /* userDataTableViewCell.swift in Sources */,
				ABFB9A3E2550011A00B5E96A /* CustomizePlanTableViewController.swift in Sources */,
				8DC71C50254D0A0600AD6C2B /* BadgesTableViewCell.swift in Sources */,
				8D7825D925579ED700501AEA /* BadgesHelper.swift in Sources */,
				8D7825D425579BFC00501AEA /* PlanDetailNoDataTableViewCell.swift in Sources */,
				AB5F46312553CD97005DE0D0 /* Exercise+CoreDataProperties.swift in Sources */,
				ABFB9A3F2550011A00B5E96A /* MovementCollectionModel.swift in Sources */,
				AB5F46372553CD97005DE0D0 /* Badges+CoreDataProperties.swift in Sources */,
				AB5F46302553CD97005DE0D0 /* Exercise+CoreDataClass.swift in Sources */,
				8D13C0BA25402997002195C9 /* ViewController.swift in Sources */,
				48E2D9962551D21600F2EF03 /* PlanModel.swift in Sources */,
				8D13C0B625402997002195C9 /* AppDelegate.swift in Sources */,
				2F57CE312551A32000EB914E /* HomePlanVC.swift in Sources */,
				8D13C0B825402997002195C9 /* SceneDelegate.swift in Sources */,
				2F9C0F14255626D900D87F01 /* ShowPlanVC.swift in Sources */,
				ABFB99FE254FFBD400B5E96A /* PlanListOverviewTableViewCell.swift in Sources */,
				487E1F7C254F553100F58265 /* ExerciseSummaryView.swift in Sources */,
				2F9C0F2D2558621F00D87F01 /* ListPlanVC.swift in Sources */,
				ABFB9A16254FFC1A00B5E96A /* ExerciseHeaderTableViewCell.swift in Sources */,
				ABFB9A16254FFC1A00B5E96A /* ExerciseHeaderTableViewCell.swift in Sources */,
				8DB6461C254BAA6C0072AC5C /* CompletedPlanDetailTableViewCell.swift in Sources */,
				2FCBFC4D2559798D000F163E /* ButtonExerciseCell.swift in Sources */,
				2F9C0F36255864E300D87F01 /* ListExerciseCell.swift in Sources */,
				ABFB9A18254FFC1A00B5E96A /* ButtonTableViewCell.swift in Sources */,
				8DD69E052554FD7600E2DF21 /* DifficultyHelper.swift in Sources */,
				AB33864D25511EFD00CE24C7 /* TestEntity+CoreDataClass.swift in Sources */,
				AB6E780725593ACD00262039 /* PlanInfoCell.swift in Sources */,
				8D4E5C76254FCAB6002D94C8 /* UserDataModel.swift in Sources */,
				AB5F46352553CD97005DE0D0 /* ExerciseSteps+CoreDataProperties.swift in Sources */,
				8DBF07E5254E61E500AACB19 /* DetailBadgesViewController.swift in Sources */,
				48F4E797254C4B7F0051EED1 /* CircularProgressView.swift in Sources */,
				487E1F6F254F52D200F58265 /* ExerciseSummaryViewController.swift in Sources */,
				8DC60F972552504E006A4047 /* NoDataTableViewCell.swift in Sources */,
				8D0996712542EA80000363BE /* ReminderModel.swift in Sources */,
				ABFB9A13254FFC1A00B5E96A /* DescTableViewCell.swift in Sources */,
				AB5F46382553CD97005DE0D0 /* Difficulty+CoreDataClass.swift in Sources */,
				AB398FD9255538F4006C2B59 /* PlanOverviewViewController.swift in Sources */,
				8DC063F12542711900D7F8AD /* CompletedPlanModel.swift in Sources */,
				AB5F46332553CD97005DE0D0 /* Plan+CoreDataProperties.swift in Sources */,
				AB5F463A2553CD97005DE0D0 /* Reminder+CoreDataClass.swift in Sources */,
				8D8E6272254683BD005F445D /* DateExtension.swift in Sources */,
				487B519725548C0700091ABB /* SummaryTableViewCell.swift in Sources */,
				AB5F463B2553CD97005DE0D0 /* Reminder+CoreDataProperties.swift in Sources */,
				487E1F62254F467500F58265 /* ReviewService.swift in Sources */,
				8D09966F2542E977000363BE /* ReminderTableViewCell.swift in Sources */,
				8D4E5C71254FC0E2002D94C8 /* UserBasicDataHelper.swift in Sources */,
				489A2B3E2552249200713AD4 /* ExitViewController.swift in Sources */,
				489A2B582552540400713AD4 /* ExerciseModel.swift in Sources */,
				8DB64621254BABF80072AC5C /* CompletedPlanDetailModel.swift in Sources */,
				AB33864E25511EFD00CE24C7 /* TestEntity+CoreDataProperties.swift in Sources */,
				48E8EFAB2542754400783427 /* ExerciseViewController.swift in Sources */,
				8D13C0BA25402997002195C9 /* ViewController.swift in Sources */,
				8D13C0B625402997002195C9 /* AppDelegate.swift in Sources */,
				AB5F46392553CD97005DE0D0 /* Difficulty+CoreDataProperties.swift in Sources */,
				ABFB9A17254FFC1A00B5E96A /* ChoosePlanViewController.swift in Sources */,
				48E8EFAB2542754400783427 /* ExerciseViewController.swift in Sources */,
				8D13C0BA25402997002195C9 /* ViewController.swift in Sources */,
				8D13C0B625402997002195C9 /* AppDelegate.swift in Sources */,
				AB5F463D2553CD97005DE0D0 /* User+CoreDataProperties.swift in Sources */,
				8DB64609254BA6F40072AC5C /* CompletedPlanDetailsViewController.swift in Sources */,
				8D13C0B825402997002195C9 /* SceneDelegate.swift in Sources */,
				48E8EFCF254277D800783427 /* ExerciseView.swift in Sources */,
				AB5F46342553CD97005DE0D0 /* ExerciseSteps+CoreDataClass.swift in Sources */,
				AB5F46362553CD97005DE0D0 /* Badges+CoreDataClass.swift in Sources */,
				489A2B3425521F1A00713AD4 /* BadgeView.swift in Sources */,
				8D13C0C025402997002195C9 /* PodiFit.xcdatamodeld in Sources */,
				2F0BEF0A255178540017103D /* AssesmentResultVC.swift in Sources */,
				8DC71C4B254D078600AD6C2B /* Colors.swift in Sources */,
				ABFB9A412550011A00B5E96A /* CustomizePlanTableViewCell.swift in Sources */,
				8DC063ED2542699B00D7F8AD /* CompletedPlanTableViewCell.swift in Sources */,
				2F57CE4E2551B57B00EB914E /* ActivePlanCell.swift in Sources */,
				48E854FA254C2DD3002DAC0B /* InformationExerciseController.swift in Sources */,
				489A2B392552230900713AD4 /* BadgeViewController.swift in Sources */,
				AB5F463C2553CD97005DE0D0 /* User+CoreDataClass.swift in Sources */,
				8DD69DFD2554E22A00E2DF21 /* PlanHelper.swift in Sources */,
				8DC063F32542866800D7F8AD /* imagePersonTableViewCell.swift in Sources */,
				AB88B9532551486400AFF3BA /* ModalPlanViewController.swift in Sources */,
				8DBF07FA254E655100AACB19 /* DetailBadgesModel.swift in Sources */,
				8DBF07F5254E64AA00AACB19 /* DetailBadgeTableViewCell.swift in Sources */,
				ABFB9A3D2550011A00B5E96A /* MovementCollectionViewCell.swift in Sources */,
				2FF227822554CABC00D494C4 /* NotificationHelper.swift in Sources */,
				2F57CE2225517BDC00EB914E /* AssesmentStep1VC.swift in Sources */,
				8D3D1E71254550D10070444C /* AddReminderViewController.swift in Sources */,
				8DC71C59254D0C2300AD6C2B /* BadgesCollectionViewCell.swift in Sources */,
				489A2B4B2552250000713AD4 /* ExitView.swift in Sources */,
				8DC063EF25426CAC00D7F8AD /* CompletedPlanCollectionViewCell.swift in Sources */,
			);
			runOnlyForDeploymentPostprocessing = 0;
		};
		8D13C0C725402999002195C9 /* Sources */ = {
			isa = PBXSourcesBuildPhase;
			buildActionMask = 2147483647;
			files = (
				8D13C0D025402999002195C9 /* PodiFitTests.swift in Sources */,
			);
			runOnlyForDeploymentPostprocessing = 0;
		};
		8D13C0D225402999002195C9 /* Sources */ = {
			isa = PBXSourcesBuildPhase;
			buildActionMask = 2147483647;
			files = (
				8D13C0DB25402999002195C9 /* PodiFitUITests.swift in Sources */,
			);
			runOnlyForDeploymentPostprocessing = 0;
		};
/* End PBXSourcesBuildPhase section */

/* Begin PBXTargetDependency section */
		8D13C0CD25402999002195C9 /* PBXTargetDependency */ = {
			isa = PBXTargetDependency;
			target = 8D13C0B125402997002195C9 /* PodiFit */;
			targetProxy = 8D13C0CC25402999002195C9 /* PBXContainerItemProxy */;
		};
		8D13C0D825402999002195C9 /* PBXTargetDependency */ = {
			isa = PBXTargetDependency;
			target = 8D13C0B125402997002195C9 /* PodiFit */;
			targetProxy = 8D13C0D725402999002195C9 /* PBXContainerItemProxy */;
		};
/* End PBXTargetDependency section */

/* Begin PBXVariantGroup section */
		8D13C0BB25402997002195C9 /* Main.storyboard */ = {
			isa = PBXVariantGroup;
			children = (
				8D13C0BC25402997002195C9 /* Base */,
			);
			name = Main.storyboard;
			sourceTree = "<group>";
		};
		8D13C0C325402998002195C9 /* LaunchScreen.storyboard */ = {
			isa = PBXVariantGroup;
			children = (
				8D13C0C425402998002195C9 /* Base */,
			);
			name = LaunchScreen.storyboard;
			sourceTree = "<group>";
		};
/* End PBXVariantGroup section */

/* Begin XCBuildConfiguration section */
		8D13C0DD25402999002195C9 /* Debug */ = {
			isa = XCBuildConfiguration;
			buildSettings = {
				ALWAYS_SEARCH_USER_PATHS = NO;
				CLANG_ANALYZER_NONNULL = YES;
				CLANG_ANALYZER_NUMBER_OBJECT_CONVERSION = YES_AGGRESSIVE;
				CLANG_CXX_LANGUAGE_STANDARD = "gnu++14";
				CLANG_CXX_LIBRARY = "libc++";
				CLANG_ENABLE_MODULES = YES;
				CLANG_ENABLE_OBJC_ARC = YES;
				CLANG_ENABLE_OBJC_WEAK = YES;
				CLANG_WARN_BLOCK_CAPTURE_AUTORELEASING = YES;
				CLANG_WARN_BOOL_CONVERSION = YES;
				CLANG_WARN_COMMA = YES;
				CLANG_WARN_CONSTANT_CONVERSION = YES;
				CLANG_WARN_DEPRECATED_OBJC_IMPLEMENTATIONS = YES;
				CLANG_WARN_DIRECT_OBJC_ISA_USAGE = YES_ERROR;
				CLANG_WARN_DOCUMENTATION_COMMENTS = YES;
				CLANG_WARN_EMPTY_BODY = YES;
				CLANG_WARN_ENUM_CONVERSION = YES;
				CLANG_WARN_INFINITE_RECURSION = YES;
				CLANG_WARN_INT_CONVERSION = YES;
				CLANG_WARN_NON_LITERAL_NULL_CONVERSION = YES;
				CLANG_WARN_OBJC_IMPLICIT_RETAIN_SELF = YES;
				CLANG_WARN_OBJC_LITERAL_CONVERSION = YES;
				CLANG_WARN_OBJC_ROOT_CLASS = YES_ERROR;
				CLANG_WARN_RANGE_LOOP_ANALYSIS = YES;
				CLANG_WARN_STRICT_PROTOTYPES = YES;
				CLANG_WARN_SUSPICIOUS_MOVE = YES;
				CLANG_WARN_UNGUARDED_AVAILABILITY = YES_AGGRESSIVE;
				CLANG_WARN_UNREACHABLE_CODE = YES;
				CLANG_WARN__DUPLICATE_METHOD_MATCH = YES;
				COPY_PHASE_STRIP = NO;
				DEBUG_INFORMATION_FORMAT = dwarf;
				ENABLE_STRICT_OBJC_MSGSEND = YES;
				ENABLE_TESTABILITY = YES;
				GCC_C_LANGUAGE_STANDARD = gnu11;
				GCC_DYNAMIC_NO_PIC = NO;
				GCC_NO_COMMON_BLOCKS = YES;
				GCC_OPTIMIZATION_LEVEL = 0;
				GCC_PREPROCESSOR_DEFINITIONS = (
					"DEBUG=1",
					"$(inherited)",
				);
				GCC_WARN_64_TO_32_BIT_CONVERSION = YES;
				GCC_WARN_ABOUT_RETURN_TYPE = YES_ERROR;
				GCC_WARN_UNDECLARED_SELECTOR = YES;
				GCC_WARN_UNINITIALIZED_AUTOS = YES_AGGRESSIVE;
				GCC_WARN_UNUSED_FUNCTION = YES;
				GCC_WARN_UNUSED_VARIABLE = YES;
				IPHONEOS_DEPLOYMENT_TARGET = 13.6;
				MTL_ENABLE_DEBUG_INFO = INCLUDE_SOURCE;
				MTL_FAST_MATH = YES;
				ONLY_ACTIVE_ARCH = YES;
				SDKROOT = iphoneos;
				SWIFT_ACTIVE_COMPILATION_CONDITIONS = DEBUG;
				SWIFT_OPTIMIZATION_LEVEL = "-Onone";
			};
			name = Debug;
		};
		8D13C0DE25402999002195C9 /* Release */ = {
			isa = XCBuildConfiguration;
			buildSettings = {
				ALWAYS_SEARCH_USER_PATHS = NO;
				CLANG_ANALYZER_NONNULL = YES;
				CLANG_ANALYZER_NUMBER_OBJECT_CONVERSION = YES_AGGRESSIVE;
				CLANG_CXX_LANGUAGE_STANDARD = "gnu++14";
				CLANG_CXX_LIBRARY = "libc++";
				CLANG_ENABLE_MODULES = YES;
				CLANG_ENABLE_OBJC_ARC = YES;
				CLANG_ENABLE_OBJC_WEAK = YES;
				CLANG_WARN_BLOCK_CAPTURE_AUTORELEASING = YES;
				CLANG_WARN_BOOL_CONVERSION = YES;
				CLANG_WARN_COMMA = YES;
				CLANG_WARN_CONSTANT_CONVERSION = YES;
				CLANG_WARN_DEPRECATED_OBJC_IMPLEMENTATIONS = YES;
				CLANG_WARN_DIRECT_OBJC_ISA_USAGE = YES_ERROR;
				CLANG_WARN_DOCUMENTATION_COMMENTS = YES;
				CLANG_WARN_EMPTY_BODY = YES;
				CLANG_WARN_ENUM_CONVERSION = YES;
				CLANG_WARN_INFINITE_RECURSION = YES;
				CLANG_WARN_INT_CONVERSION = YES;
				CLANG_WARN_NON_LITERAL_NULL_CONVERSION = YES;
				CLANG_WARN_OBJC_IMPLICIT_RETAIN_SELF = YES;
				CLANG_WARN_OBJC_LITERAL_CONVERSION = YES;
				CLANG_WARN_OBJC_ROOT_CLASS = YES_ERROR;
				CLANG_WARN_RANGE_LOOP_ANALYSIS = YES;
				CLANG_WARN_STRICT_PROTOTYPES = YES;
				CLANG_WARN_SUSPICIOUS_MOVE = YES;
				CLANG_WARN_UNGUARDED_AVAILABILITY = YES_AGGRESSIVE;
				CLANG_WARN_UNREACHABLE_CODE = YES;
				CLANG_WARN__DUPLICATE_METHOD_MATCH = YES;
				COPY_PHASE_STRIP = NO;
				DEBUG_INFORMATION_FORMAT = "dwarf-with-dsym";
				ENABLE_NS_ASSERTIONS = NO;
				ENABLE_STRICT_OBJC_MSGSEND = YES;
				GCC_C_LANGUAGE_STANDARD = gnu11;
				GCC_NO_COMMON_BLOCKS = YES;
				GCC_WARN_64_TO_32_BIT_CONVERSION = YES;
				GCC_WARN_ABOUT_RETURN_TYPE = YES_ERROR;
				GCC_WARN_UNDECLARED_SELECTOR = YES;
				GCC_WARN_UNINITIALIZED_AUTOS = YES_AGGRESSIVE;
				GCC_WARN_UNUSED_FUNCTION = YES;
				GCC_WARN_UNUSED_VARIABLE = YES;
				IPHONEOS_DEPLOYMENT_TARGET = 13.6;
				MTL_ENABLE_DEBUG_INFO = NO;
				MTL_FAST_MATH = YES;
				SDKROOT = iphoneos;
				SWIFT_COMPILATION_MODE = wholemodule;
				SWIFT_OPTIMIZATION_LEVEL = "-O";
				VALIDATE_PRODUCT = YES;
			};
			name = Release;
		};
		8D13C0E025402999002195C9 /* Debug */ = {
			isa = XCBuildConfiguration;
			buildSettings = {
				ASSETCATALOG_COMPILER_APPICON_NAME = AppIcon;
				CODE_SIGN_STYLE = Automatic;
				DEVELOPMENT_TEAM = 6X2P3HV7HT;
				INFOPLIST_FILE = PodiFit/Info.plist;
				LD_RUNPATH_SEARCH_PATHS = (
					"$(inherited)",
					"@executable_path/Frameworks",
				);
				PRODUCT_BUNDLE_IDENTIFIER = AppleDeveloper.PodiFit;
				PRODUCT_NAME = "$(TARGET_NAME)";
				SWIFT_VERSION = 5.0;
				TARGETED_DEVICE_FAMILY = "1,2";
			};
			name = Debug;
		};
		8D13C0E125402999002195C9 /* Release */ = {
			isa = XCBuildConfiguration;
			buildSettings = {
				ASSETCATALOG_COMPILER_APPICON_NAME = AppIcon;
				CODE_SIGN_STYLE = Automatic;
				DEVELOPMENT_TEAM = 6X2P3HV7HT;
				INFOPLIST_FILE = PodiFit/Info.plist;
				LD_RUNPATH_SEARCH_PATHS = (
					"$(inherited)",
					"@executable_path/Frameworks",
				);
				PRODUCT_BUNDLE_IDENTIFIER = AppleDeveloper.PodiFit;
				PRODUCT_NAME = "$(TARGET_NAME)";
				SWIFT_VERSION = 5.0;
				TARGETED_DEVICE_FAMILY = "1,2";
			};
			name = Release;
		};
		8D13C0E325402999002195C9 /* Debug */ = {
			isa = XCBuildConfiguration;
			buildSettings = {
				ALWAYS_EMBED_SWIFT_STANDARD_LIBRARIES = YES;
				BUNDLE_LOADER = "$(TEST_HOST)";
				CODE_SIGN_STYLE = Automatic;
				DEVELOPMENT_TEAM = F2LH5KBDDC;
				INFOPLIST_FILE = PodiFitTests/Info.plist;
				IPHONEOS_DEPLOYMENT_TARGET = 13.6;
				LD_RUNPATH_SEARCH_PATHS = (
					"$(inherited)",
					"@executable_path/Frameworks",
					"@loader_path/Frameworks",
				);
				PRODUCT_BUNDLE_IDENTIFIER = AppleDeveloper.PodiFitTests;
				PRODUCT_NAME = "$(TARGET_NAME)";
				SWIFT_VERSION = 5.0;
				TARGETED_DEVICE_FAMILY = "1,2";
				TEST_HOST = "$(BUILT_PRODUCTS_DIR)/PodiFit.app/PodiFit";
			};
			name = Debug;
		};
		8D13C0E425402999002195C9 /* Release */ = {
			isa = XCBuildConfiguration;
			buildSettings = {
				ALWAYS_EMBED_SWIFT_STANDARD_LIBRARIES = YES;
				BUNDLE_LOADER = "$(TEST_HOST)";
				CODE_SIGN_STYLE = Automatic;
				DEVELOPMENT_TEAM = F2LH5KBDDC;
				INFOPLIST_FILE = PodiFitTests/Info.plist;
				IPHONEOS_DEPLOYMENT_TARGET = 13.6;
				LD_RUNPATH_SEARCH_PATHS = (
					"$(inherited)",
					"@executable_path/Frameworks",
					"@loader_path/Frameworks",
				);
				PRODUCT_BUNDLE_IDENTIFIER = AppleDeveloper.PodiFitTests;
				PRODUCT_NAME = "$(TARGET_NAME)";
				SWIFT_VERSION = 5.0;
				TARGETED_DEVICE_FAMILY = "1,2";
				TEST_HOST = "$(BUILT_PRODUCTS_DIR)/PodiFit.app/PodiFit";
			};
			name = Release;
		};
		8D13C0E625402999002195C9 /* Debug */ = {
			isa = XCBuildConfiguration;
			buildSettings = {
				ALWAYS_EMBED_SWIFT_STANDARD_LIBRARIES = YES;
				CODE_SIGN_STYLE = Automatic;
				DEVELOPMENT_TEAM = F2LH5KBDDC;
				INFOPLIST_FILE = PodiFitUITests/Info.plist;
				LD_RUNPATH_SEARCH_PATHS = (
					"$(inherited)",
					"@executable_path/Frameworks",
					"@loader_path/Frameworks",
				);
				PRODUCT_BUNDLE_IDENTIFIER = AppleDeveloper.PodiFitUITests;
				PRODUCT_NAME = "$(TARGET_NAME)";
				SWIFT_VERSION = 5.0;
				TARGETED_DEVICE_FAMILY = "1,2";
				TEST_TARGET_NAME = PodiFit;
			};
			name = Debug;
		};
		8D13C0E725402999002195C9 /* Release */ = {
			isa = XCBuildConfiguration;
			buildSettings = {
				ALWAYS_EMBED_SWIFT_STANDARD_LIBRARIES = YES;
				CODE_SIGN_STYLE = Automatic;
				DEVELOPMENT_TEAM = F2LH5KBDDC;
				INFOPLIST_FILE = PodiFitUITests/Info.plist;
				LD_RUNPATH_SEARCH_PATHS = (
					"$(inherited)",
					"@executable_path/Frameworks",
					"@loader_path/Frameworks",
				);
				PRODUCT_BUNDLE_IDENTIFIER = AppleDeveloper.PodiFitUITests;
				PRODUCT_NAME = "$(TARGET_NAME)";
				SWIFT_VERSION = 5.0;
				TARGETED_DEVICE_FAMILY = "1,2";
				TEST_TARGET_NAME = PodiFit;
			};
			name = Release;
		};
/* End XCBuildConfiguration section */

/* Begin XCConfigurationList section */
		8D13C0AD25402997002195C9 /* Build configuration list for PBXProject "PodiFit" */ = {
			isa = XCConfigurationList;
			buildConfigurations = (
				8D13C0DD25402999002195C9 /* Debug */,
				8D13C0DE25402999002195C9 /* Release */,
			);
			defaultConfigurationIsVisible = 0;
			defaultConfigurationName = Release;
		};
		8D13C0DF25402999002195C9 /* Build configuration list for PBXNativeTarget "PodiFit" */ = {
			isa = XCConfigurationList;
			buildConfigurations = (
				8D13C0E025402999002195C9 /* Debug */,
				8D13C0E125402999002195C9 /* Release */,
			);
			defaultConfigurationIsVisible = 0;
			defaultConfigurationName = Release;
		};
		8D13C0E225402999002195C9 /* Build configuration list for PBXNativeTarget "PodiFitTests" */ = {
			isa = XCConfigurationList;
			buildConfigurations = (
				8D13C0E325402999002195C9 /* Debug */,
				8D13C0E425402999002195C9 /* Release */,
			);
			defaultConfigurationIsVisible = 0;
			defaultConfigurationName = Release;
		};
		8D13C0E525402999002195C9 /* Build configuration list for PBXNativeTarget "PodiFitUITests" */ = {
			isa = XCConfigurationList;
			buildConfigurations = (
				8D13C0E625402999002195C9 /* Debug */,
				8D13C0E725402999002195C9 /* Release */,
			);
			defaultConfigurationIsVisible = 0;
			defaultConfigurationName = Release;
		};
/* End XCConfigurationList section */

/* Begin XCVersionGroup section */
		8D13C0BE25402997002195C9 /* PodiFit.xcdatamodeld */ = {
			isa = XCVersionGroup;
			children = (
				ABA6B22F2555012B00FC9D83 /* PodiFit3.xcdatamodel */,
				AB5F46442553EDDD005DE0D0 /* PodiFit 2.xcdatamodel */,
				8D13C0BF25402997002195C9 /* PodiFit.xcdatamodel */,
			);
			currentVersion = ABA6B22F2555012B00FC9D83 /* PodiFit3.xcdatamodel */;
			path = PodiFit.xcdatamodeld;
			sourceTree = "<group>";
			versionGroupType = wrapper.xcdatamodel;
		};
/* End XCVersionGroup section */
	};
	rootObject = 8D13C0AA25402997002195C9 /* Project object */;
}
